
Microsoft Visual Studio Solution File, Format Version 12.00
# Visual Studio 15
VisualStudioVersion = 15.0.27004.2005
MinimumVisualStudioVersion = 10.0.40219.1
Project("{D954291E-2A0B-460D-934E-DC6B0785DB48}") = "LifeInsight", "LifeInsight\LifeInsight\LifeInsight.shproj", "{8F621715-B779-4C57-A232-09FE4171ED9D}"
EndProject
Project("{FAE04EC0-301F-11D3-BF4B-00C04F79EFBC}") = "LifeInsight.Android", "LifeInsight\LifeInsight.Android\LifeInsight.Android.csproj", "{087C158C-BD2C-4FB5-A014-433A72DEF94D}"
EndProject
Project("{FAE04EC0-301F-11D3-BF4B-00C04F79EFBC}") = "LifeInsight.iOS", "LifeInsight\LifeInsight.iOS\LifeInsight.iOS.csproj", "{86A19F79-5D78-4676-A4A9-434C75706DEE}"
EndProject
Project("{9A19103F-16F7-4668-BE54-9A1E7A4F7556}") = "CoreDRXLibrary", "CoreDRXLibrary\CoreDRXLibrary.csproj", "{E2B1051E-FD8F-48F1-B590-FFB4FA8C8EDA}"
EndProject
Project("{FAE04EC0-301F-11D3-BF4B-00C04F79EFBC}") = "LifeInsight.UWP", "LifeInsight.UWP\LifeInsight.UWP.csproj", "{82CADF26-600F-4614-89E6-BA6BA6061DD7}"
EndProject
Project("{9A19103F-16F7-4668-BE54-9A1E7A4F7556}") = "CoreDynamic", "CoreDynamic\CoreDynamic.csproj", "{283BEDE0-269B-4441-A7AB-DBC2C93AAA99}"
EndProject
Project("{FAE04EC0-301F-11D3-BF4B-00C04F79EFBC}") = "CoreDRXLibrary.Tests", "CoreDRXLibrary.Tests\CoreDRXLibrary.Tests.csproj", "{6F3FAA1D-BD81-4415-AA28-947BB3EA053A}"
EndProject
Project("{D954291E-2A0B-460D-934E-DC6B0785DB48}") = "CoreDRXEditor", "CoreDRXEditor\CoreDRXEditor\CoreDRXEditor.shproj", "{CEC7CE83-8DA7-46F2-9A08-C6111E6DCA66}"
EndProject
Project("{FAE04EC0-301F-11D3-BF4B-00C04F79EFBC}") = "CoreDRXEditor.Android", "CoreDRXEditor\CoreDRXEditor.Android\CoreDRXEditor.Android.csproj", "{A054D53A-1D7F-45AB-A89E-B7604FBE7054}"
EndProject
Project("{FAE04EC0-301F-11D3-BF4B-00C04F79EFBC}") = "CoreDRXEditor.iOS", "CoreDRXEditor\CoreDRXEditor.iOS\CoreDRXEditor.iOS.csproj", "{854CFD33-D62C-428F-BA48-00E5C11E6251}"
EndProject
Project("{FAE04EC0-301F-11D3-BF4B-00C04F79EFBC}") = "CoreServer", "CoreServer\CoreServer.csproj", "{408FA85F-E984-4A26-BB92-C58E1AF4A053}"
EndProject
Project("{2150E333-8FDC-42A3-9474-1A3956D46DE8}") = "Solution Items", "Solution Items", "{BDDC827D-525C-4B42-8A79-34410528D898}"
	ProjectSection(SolutionItems) = preProject
		.tfignore = .tfignore
		.nuget\NuGet.config = .nuget\NuGet.config
	EndProjectSection
EndProject
Project("{FAE04EC0-301F-11D3-BF4B-00C04F79EFBC}") = "CoreEscrowServer", "CoreEscrowServer\CoreEscrowServer.csproj", "{5336224F-8409-49EC-A0AA-2D9E5A45923C}"
EndProject
Project("{FAE04EC0-301F-11D3-BF4B-00C04F79EFBC}") = "CoreEscrowServer.Tests", "CoreEscrowServer.Tests\CoreEscrowServer.Tests.csproj", "{BAA3EBFE-21DD-4E6A-8221-A1CF1C2EB145}"
EndProject
Project("{FAE04EC0-301F-11D3-BF4B-00C04F79EFBC}") = "CoreDynamic.Tests", "CoreDynamic.Tests\CoreDynamic.Tests.csproj", "{AB3A9D55-0396-4C28-A545-506B29420EF6}"
EndProject
Project("{FAE04EC0-301F-11D3-BF4B-00C04F79EFBC}") = "CoreDRXEditor.UWP", "CoreDRXEditor.UWP\CoreDRXEditor.UWP.csproj", "{E57B4521-6E25-4AC7-A7E4-A2A0A8A354F7}"
EndProject
Global
	GlobalSection(SharedMSBuildProjectFiles) = preSolution
		LifeInsight\LifeInsight\LifeInsight.projitems*{087c158c-bd2c-4fb5-a014-433a72def94d}*SharedItemsImports = 4
		LifeInsight\LifeInsight\LifeInsight.projitems*{82cadf26-600f-4614-89e6-ba6ba6061dd7}*SharedItemsImports = 4
		CoreDRXEditor\CoreDRXEditor\CoreDRXEditor.projitems*{854cfd33-d62c-428f-ba48-00e5c11e6251}*SharedItemsImports = 4
		LifeInsight\LifeInsight\LifeInsight.projitems*{86a19f79-5d78-4676-a4a9-434c75706dee}*SharedItemsImports = 4
		LifeInsight\LifeInsight\LifeInsight.projitems*{8f621715-b779-4c57-a232-09fe4171ed9d}*SharedItemsImports = 13
		CoreDRXEditor\CoreDRXEditor\CoreDRXEditor.projitems*{a054d53a-1d7f-45ab-a89e-b7604fbe7054}*SharedItemsImports = 4
		CoreDRXEditor\CoreDRXEditor\CoreDRXEditor.projitems*{cec7ce83-8da7-46f2-9a08-c6111e6dca66}*SharedItemsImports = 13
		CoreDRXEditor\CoreDRXEditor\CoreDRXEditor.projitems*{e57b4521-6e25-4ac7-a7e4-a2a0a8a354f7}*SharedItemsImports = 4
	EndGlobalSection
	GlobalSection(SolutionConfigurationPlatforms) = preSolution
		Ad-Hoc|Any CPU = Ad-Hoc|Any CPU
		Ad-Hoc|ARM = Ad-Hoc|ARM
		Ad-Hoc|iPhone = Ad-Hoc|iPhone
		Ad-Hoc|iPhoneSimulator = Ad-Hoc|iPhoneSimulator
		Ad-Hoc|x64 = Ad-Hoc|x64
		Ad-Hoc|x86 = Ad-Hoc|x86
		AppStore|Any CPU = AppStore|Any CPU
		AppStore|ARM = AppStore|ARM
		AppStore|iPhone = AppStore|iPhone
		AppStore|iPhoneSimulator = AppStore|iPhoneSimulator
		AppStore|x64 = AppStore|x64
		AppStore|x86 = AppStore|x86
		Debug|Any CPU = Debug|Any CPU
		Debug|ARM = Debug|ARM
		Debug|iPhone = Debug|iPhone
		Debug|iPhoneSimulator = Debug|iPhoneSimulator
		Debug|x64 = Debug|x64
		Debug|x86 = Debug|x86
		Release|Any CPU = Release|Any CPU
		Release|ARM = Release|ARM
		Release|iPhone = Release|iPhone
		Release|iPhoneSimulator = Release|iPhoneSimulator
		Release|x64 = Release|x64
		Release|x86 = Release|x86
	EndGlobalSection
	GlobalSection(ProjectConfigurationPlatforms) = postSolution
		{087C158C-BD2C-4FB5-A014-433A72DEF94D}.Ad-Hoc|Any CPU.ActiveCfg = Release|Any CPU
		{087C158C-BD2C-4FB5-A014-433A72DEF94D}.Ad-Hoc|Any CPU.Build.0 = Release|Any CPU
		{087C158C-BD2C-4FB5-A014-433A72DEF94D}.Ad-Hoc|Any CPU.Deploy.0 = Release|Any CPU
		{087C158C-BD2C-4FB5-A014-433A72DEF94D}.Ad-Hoc|ARM.ActiveCfg = Release|Any CPU
		{087C158C-BD2C-4FB5-A014-433A72DEF94D}.Ad-Hoc|ARM.Build.0 = Release|Any CPU
		{087C158C-BD2C-4FB5-A014-433A72DEF94D}.Ad-Hoc|ARM.Deploy.0 = Release|Any CPU
		{087C158C-BD2C-4FB5-A014-433A72DEF94D}.Ad-Hoc|iPhone.ActiveCfg = Release|Any CPU
		{087C158C-BD2C-4FB5-A014-433A72DEF94D}.Ad-Hoc|iPhone.Build.0 = Release|Any CPU
		{087C158C-BD2C-4FB5-A014-433A72DEF94D}.Ad-Hoc|iPhone.Deploy.0 = Release|Any CPU
		{087C158C-BD2C-4FB5-A014-433A72DEF94D}.Ad-Hoc|iPhoneSimulator.ActiveCfg = Release|Any CPU
		{087C158C-BD2C-4FB5-A014-433A72DEF94D}.Ad-Hoc|iPhoneSimulator.Build.0 = Release|Any CPU
		{087C158C-BD2C-4FB5-A014-433A72DEF94D}.Ad-Hoc|iPhoneSimulator.Deploy.0 = Release|Any CPU
		{087C158C-BD2C-4FB5-A014-433A72DEF94D}.Ad-Hoc|x64.ActiveCfg = Release|Any CPU
		{087C158C-BD2C-4FB5-A014-433A72DEF94D}.Ad-Hoc|x64.Build.0 = Release|Any CPU
		{087C158C-BD2C-4FB5-A014-433A72DEF94D}.Ad-Hoc|x64.Deploy.0 = Release|Any CPU
		{087C158C-BD2C-4FB5-A014-433A72DEF94D}.Ad-Hoc|x86.ActiveCfg = Release|Any CPU
		{087C158C-BD2C-4FB5-A014-433A72DEF94D}.Ad-Hoc|x86.Build.0 = Release|Any CPU
		{087C158C-BD2C-4FB5-A014-433A72DEF94D}.Ad-Hoc|x86.Deploy.0 = Release|Any CPU
		{087C158C-BD2C-4FB5-A014-433A72DEF94D}.AppStore|Any CPU.ActiveCfg = Release|Any CPU
		{087C158C-BD2C-4FB5-A014-433A72DEF94D}.AppStore|Any CPU.Build.0 = Release|Any CPU
		{087C158C-BD2C-4FB5-A014-433A72DEF94D}.AppStore|Any CPU.Deploy.0 = Release|Any CPU
		{087C158C-BD2C-4FB5-A014-433A72DEF94D}.AppStore|ARM.ActiveCfg = Release|Any CPU
		{087C158C-BD2C-4FB5-A014-433A72DEF94D}.AppStore|ARM.Build.0 = Release|Any CPU
		{087C158C-BD2C-4FB5-A014-433A72DEF94D}.AppStore|ARM.Deploy.0 = Release|Any CPU
		{087C158C-BD2C-4FB5-A014-433A72DEF94D}.AppStore|iPhone.ActiveCfg = Release|Any CPU
		{087C158C-BD2C-4FB5-A014-433A72DEF94D}.AppStore|iPhone.Build.0 = Release|Any CPU
		{087C158C-BD2C-4FB5-A014-433A72DEF94D}.AppStore|iPhone.Deploy.0 = Release|Any CPU
		{087C158C-BD2C-4FB5-A014-433A72DEF94D}.AppStore|iPhoneSimulator.ActiveCfg = Release|Any CPU
		{087C158C-BD2C-4FB5-A014-433A72DEF94D}.AppStore|iPhoneSimulator.Build.0 = Release|Any CPU
		{087C158C-BD2C-4FB5-A014-433A72DEF94D}.AppStore|iPhoneSimulator.Deploy.0 = Release|Any CPU
		{087C158C-BD2C-4FB5-A014-433A72DEF94D}.AppStore|x64.ActiveCfg = Release|Any CPU
		{087C158C-BD2C-4FB5-A014-433A72DEF94D}.AppStore|x64.Build.0 = Release|Any CPU
		{087C158C-BD2C-4FB5-A014-433A72DEF94D}.AppStore|x64.Deploy.0 = Release|Any CPU
		{087C158C-BD2C-4FB5-A014-433A72DEF94D}.AppStore|x86.ActiveCfg = Release|Any CPU
		{087C158C-BD2C-4FB5-A014-433A72DEF94D}.AppStore|x86.Build.0 = Release|Any CPU
		{087C158C-BD2C-4FB5-A014-433A72DEF94D}.AppStore|x86.Deploy.0 = Release|Any CPU
		{087C158C-BD2C-4FB5-A014-433A72DEF94D}.Debug|Any CPU.ActiveCfg = Debug|Any CPU
		{087C158C-BD2C-4FB5-A014-433A72DEF94D}.Debug|Any CPU.Build.0 = Debug|Any CPU
		{087C158C-BD2C-4FB5-A014-433A72DEF94D}.Debug|Any CPU.Deploy.0 = Debug|Any CPU
		{087C158C-BD2C-4FB5-A014-433A72DEF94D}.Debug|ARM.ActiveCfg = Debug|Any CPU
		{087C158C-BD2C-4FB5-A014-433A72DEF94D}.Debug|ARM.Build.0 = Debug|Any CPU
		{087C158C-BD2C-4FB5-A014-433A72DEF94D}.Debug|ARM.Deploy.0 = Debug|Any CPU
		{087C158C-BD2C-4FB5-A014-433A72DEF94D}.Debug|iPhone.ActiveCfg = Debug|Any CPU
		{087C158C-BD2C-4FB5-A014-433A72DEF94D}.Debug|iPhone.Build.0 = Debug|Any CPU
		{087C158C-BD2C-4FB5-A014-433A72DEF94D}.Debug|iPhone.Deploy.0 = Debug|Any CPU
		{087C158C-BD2C-4FB5-A014-433A72DEF94D}.Debug|iPhoneSimulator.ActiveCfg = Debug|Any CPU
		{087C158C-BD2C-4FB5-A014-433A72DEF94D}.Debug|iPhoneSimulator.Build.0 = Debug|Any CPU
		{087C158C-BD2C-4FB5-A014-433A72DEF94D}.Debug|iPhoneSimulator.Deploy.0 = Debug|Any CPU
		{087C158C-BD2C-4FB5-A014-433A72DEF94D}.Debug|x64.ActiveCfg = Debug|Any CPU
		{087C158C-BD2C-4FB5-A014-433A72DEF94D}.Debug|x64.Build.0 = Debug|Any CPU
		{087C158C-BD2C-4FB5-A014-433A72DEF94D}.Debug|x64.Deploy.0 = Debug|Any CPU
		{087C158C-BD2C-4FB5-A014-433A72DEF94D}.Debug|x86.ActiveCfg = Debug|Any CPU
		{087C158C-BD2C-4FB5-A014-433A72DEF94D}.Debug|x86.Build.0 = Debug|Any CPU
		{087C158C-BD2C-4FB5-A014-433A72DEF94D}.Debug|x86.Deploy.0 = Debug|Any CPU
		{087C158C-BD2C-4FB5-A014-433A72DEF94D}.Release|Any CPU.ActiveCfg = Release|Any CPU
		{087C158C-BD2C-4FB5-A014-433A72DEF94D}.Release|Any CPU.Build.0 = Release|Any CPU
		{087C158C-BD2C-4FB5-A014-433A72DEF94D}.Release|Any CPU.Deploy.0 = Release|Any CPU
		{087C158C-BD2C-4FB5-A014-433A72DEF94D}.Release|ARM.ActiveCfg = Release|Any CPU
		{087C158C-BD2C-4FB5-A014-433A72DEF94D}.Release|ARM.Build.0 = Release|Any CPU
		{087C158C-BD2C-4FB5-A014-433A72DEF94D}.Release|ARM.Deploy.0 = Release|Any CPU
		{087C158C-BD2C-4FB5-A014-433A72DEF94D}.Release|iPhone.ActiveCfg = Release|Any CPU
		{087C158C-BD2C-4FB5-A014-433A72DEF94D}.Release|iPhone.Build.0 = Release|Any CPU
		{087C158C-BD2C-4FB5-A014-433A72DEF94D}.Release|iPhone.Deploy.0 = Release|Any CPU
		{087C158C-BD2C-4FB5-A014-433A72DEF94D}.Release|iPhoneSimulator.ActiveCfg = Release|Any CPU
		{087C158C-BD2C-4FB5-A014-433A72DEF94D}.Release|iPhoneSimulator.Build.0 = Release|Any CPU
		{087C158C-BD2C-4FB5-A014-433A72DEF94D}.Release|iPhoneSimulator.Deploy.0 = Release|Any CPU
		{087C158C-BD2C-4FB5-A014-433A72DEF94D}.Release|x64.ActiveCfg = Release|Any CPU
		{087C158C-BD2C-4FB5-A014-433A72DEF94D}.Release|x64.Build.0 = Release|Any CPU
		{087C158C-BD2C-4FB5-A014-433A72DEF94D}.Release|x64.Deploy.0 = Release|Any CPU
		{087C158C-BD2C-4FB5-A014-433A72DEF94D}.Release|x86.ActiveCfg = Release|Any CPU
		{087C158C-BD2C-4FB5-A014-433A72DEF94D}.Release|x86.Build.0 = Release|Any CPU
		{087C158C-BD2C-4FB5-A014-433A72DEF94D}.Release|x86.Deploy.0 = Release|Any CPU
		{86A19F79-5D78-4676-A4A9-434C75706DEE}.Ad-Hoc|Any CPU.ActiveCfg = Ad-Hoc|iPhoneSimulator
		{86A19F79-5D78-4676-A4A9-434C75706DEE}.Ad-Hoc|Any CPU.Build.0 = Ad-Hoc|iPhoneSimulator
		{86A19F79-5D78-4676-A4A9-434C75706DEE}.Ad-Hoc|Any CPU.Deploy.0 = Ad-Hoc|iPhoneSimulator
		{86A19F79-5D78-4676-A4A9-434C75706DEE}.Ad-Hoc|ARM.ActiveCfg = Ad-Hoc|iPhone
		{86A19F79-5D78-4676-A4A9-434C75706DEE}.Ad-Hoc|ARM.Build.0 = Ad-Hoc|iPhone
		{86A19F79-5D78-4676-A4A9-434C75706DEE}.Ad-Hoc|ARM.Deploy.0 = Ad-Hoc|iPhone
		{86A19F79-5D78-4676-A4A9-434C75706DEE}.Ad-Hoc|iPhone.ActiveCfg = Ad-Hoc|iPhone
		{86A19F79-5D78-4676-A4A9-434C75706DEE}.Ad-Hoc|iPhone.Build.0 = Ad-Hoc|iPhone
		{86A19F79-5D78-4676-A4A9-434C75706DEE}.Ad-Hoc|iPhone.Deploy.0 = Ad-Hoc|iPhone
		{86A19F79-5D78-4676-A4A9-434C75706DEE}.Ad-Hoc|iPhoneSimulator.ActiveCfg = Ad-Hoc|iPhoneSimulator
		{86A19F79-5D78-4676-A4A9-434C75706DEE}.Ad-Hoc|iPhoneSimulator.Build.0 = Ad-Hoc|iPhoneSimulator
		{86A19F79-5D78-4676-A4A9-434C75706DEE}.Ad-Hoc|iPhoneSimulator.Deploy.0 = Ad-Hoc|iPhoneSimulator
		{86A19F79-5D78-4676-A4A9-434C75706DEE}.Ad-Hoc|x64.ActiveCfg = Ad-Hoc|iPhone
		{86A19F79-5D78-4676-A4A9-434C75706DEE}.Ad-Hoc|x64.Build.0 = Ad-Hoc|iPhone
		{86A19F79-5D78-4676-A4A9-434C75706DEE}.Ad-Hoc|x64.Deploy.0 = Ad-Hoc|iPhone
		{86A19F79-5D78-4676-A4A9-434C75706DEE}.Ad-Hoc|x86.ActiveCfg = Ad-Hoc|iPhone
		{86A19F79-5D78-4676-A4A9-434C75706DEE}.Ad-Hoc|x86.Build.0 = Ad-Hoc|iPhone
		{86A19F79-5D78-4676-A4A9-434C75706DEE}.Ad-Hoc|x86.Deploy.0 = Ad-Hoc|iPhone
		{86A19F79-5D78-4676-A4A9-434C75706DEE}.AppStore|Any CPU.ActiveCfg = AppStore|iPhoneSimulator
		{86A19F79-5D78-4676-A4A9-434C75706DEE}.AppStore|Any CPU.Build.0 = AppStore|iPhoneSimulator
		{86A19F79-5D78-4676-A4A9-434C75706DEE}.AppStore|Any CPU.Deploy.0 = AppStore|iPhoneSimulator
		{86A19F79-5D78-4676-A4A9-434C75706DEE}.AppStore|ARM.ActiveCfg = AppStore|iPhone
		{86A19F79-5D78-4676-A4A9-434C75706DEE}.AppStore|ARM.Build.0 = AppStore|iPhone
		{86A19F79-5D78-4676-A4A9-434C75706DEE}.AppStore|ARM.Deploy.0 = AppStore|iPhone
		{86A19F79-5D78-4676-A4A9-434C75706DEE}.AppStore|iPhone.ActiveCfg = AppStore|iPhone
		{86A19F79-5D78-4676-A4A9-434C75706DEE}.AppStore|iPhone.Build.0 = AppStore|iPhone
		{86A19F79-5D78-4676-A4A9-434C75706DEE}.AppStore|iPhone.Deploy.0 = AppStore|iPhone
		{86A19F79-5D78-4676-A4A9-434C75706DEE}.AppStore|iPhoneSimulator.ActiveCfg = AppStore|iPhoneSimulator
		{86A19F79-5D78-4676-A4A9-434C75706DEE}.AppStore|iPhoneSimulator.Build.0 = AppStore|iPhoneSimulator
		{86A19F79-5D78-4676-A4A9-434C75706DEE}.AppStore|iPhoneSimulator.Deploy.0 = AppStore|iPhoneSimulator
		{86A19F79-5D78-4676-A4A9-434C75706DEE}.AppStore|x64.ActiveCfg = AppStore|iPhone
		{86A19F79-5D78-4676-A4A9-434C75706DEE}.AppStore|x64.Build.0 = AppStore|iPhone
		{86A19F79-5D78-4676-A4A9-434C75706DEE}.AppStore|x64.Deploy.0 = AppStore|iPhone
		{86A19F79-5D78-4676-A4A9-434C75706DEE}.AppStore|x86.ActiveCfg = AppStore|iPhone
		{86A19F79-5D78-4676-A4A9-434C75706DEE}.AppStore|x86.Build.0 = AppStore|iPhone
		{86A19F79-5D78-4676-A4A9-434C75706DEE}.AppStore|x86.Deploy.0 = AppStore|iPhone
		{86A19F79-5D78-4676-A4A9-434C75706DEE}.Debug|Any CPU.ActiveCfg = Debug|iPhoneSimulator
		{86A19F79-5D78-4676-A4A9-434C75706DEE}.Debug|Any CPU.Build.0 = Debug|iPhoneSimulator
		{86A19F79-5D78-4676-A4A9-434C75706DEE}.Debug|Any CPU.Deploy.0 = Debug|iPhoneSimulator
		{86A19F79-5D78-4676-A4A9-434C75706DEE}.Debug|ARM.ActiveCfg = Debug|iPhone
		{86A19F79-5D78-4676-A4A9-434C75706DEE}.Debug|ARM.Build.0 = Debug|iPhone
		{86A19F79-5D78-4676-A4A9-434C75706DEE}.Debug|ARM.Deploy.0 = Debug|iPhone
		{86A19F79-5D78-4676-A4A9-434C75706DEE}.Debug|iPhone.ActiveCfg = Debug|iPhone
		{86A19F79-5D78-4676-A4A9-434C75706DEE}.Debug|iPhone.Build.0 = Debug|iPhone
		{86A19F79-5D78-4676-A4A9-434C75706DEE}.Debug|iPhone.Deploy.0 = Debug|iPhone
		{86A19F79-5D78-4676-A4A9-434C75706DEE}.Debug|iPhoneSimulator.ActiveCfg = Debug|iPhoneSimulator
		{86A19F79-5D78-4676-A4A9-434C75706DEE}.Debug|iPhoneSimulator.Build.0 = Debug|iPhoneSimulator
		{86A19F79-5D78-4676-A4A9-434C75706DEE}.Debug|iPhoneSimulator.Deploy.0 = Debug|iPhoneSimulator
		{86A19F79-5D78-4676-A4A9-434C75706DEE}.Debug|x64.ActiveCfg = Debug|iPhone
		{86A19F79-5D78-4676-A4A9-434C75706DEE}.Debug|x64.Build.0 = Debug|iPhone
		{86A19F79-5D78-4676-A4A9-434C75706DEE}.Debug|x64.Deploy.0 = Debug|iPhone
		{86A19F79-5D78-4676-A4A9-434C75706DEE}.Debug|x86.ActiveCfg = Debug|iPhone
		{86A19F79-5D78-4676-A4A9-434C75706DEE}.Debug|x86.Build.0 = Debug|iPhone
		{86A19F79-5D78-4676-A4A9-434C75706DEE}.Debug|x86.Deploy.0 = Debug|iPhone
		{86A19F79-5D78-4676-A4A9-434C75706DEE}.Release|Any CPU.ActiveCfg = Release|iPhoneSimulator
		{86A19F79-5D78-4676-A4A9-434C75706DEE}.Release|Any CPU.Build.0 = Release|iPhoneSimulator
		{86A19F79-5D78-4676-A4A9-434C75706DEE}.Release|Any CPU.Deploy.0 = Release|iPhoneSimulator
		{86A19F79-5D78-4676-A4A9-434C75706DEE}.Release|ARM.ActiveCfg = Release|iPhone
		{86A19F79-5D78-4676-A4A9-434C75706DEE}.Release|ARM.Build.0 = Release|iPhone
		{86A19F79-5D78-4676-A4A9-434C75706DEE}.Release|ARM.Deploy.0 = Release|iPhone
		{86A19F79-5D78-4676-A4A9-434C75706DEE}.Release|iPhone.ActiveCfg = Release|iPhone
		{86A19F79-5D78-4676-A4A9-434C75706DEE}.Release|iPhone.Build.0 = Release|iPhone
		{86A19F79-5D78-4676-A4A9-434C75706DEE}.Release|iPhone.Deploy.0 = Release|iPhone
		{86A19F79-5D78-4676-A4A9-434C75706DEE}.Release|iPhoneSimulator.ActiveCfg = Release|iPhoneSimulator
		{86A19F79-5D78-4676-A4A9-434C75706DEE}.Release|iPhoneSimulator.Build.0 = Release|iPhoneSimulator
		{86A19F79-5D78-4676-A4A9-434C75706DEE}.Release|iPhoneSimulator.Deploy.0 = Release|iPhoneSimulator
		{86A19F79-5D78-4676-A4A9-434C75706DEE}.Release|x64.ActiveCfg = Release|iPhone
		{86A19F79-5D78-4676-A4A9-434C75706DEE}.Release|x64.Build.0 = Release|iPhone
		{86A19F79-5D78-4676-A4A9-434C75706DEE}.Release|x64.Deploy.0 = Release|iPhone
		{86A19F79-5D78-4676-A4A9-434C75706DEE}.Release|x86.ActiveCfg = Release|iPhone
		{86A19F79-5D78-4676-A4A9-434C75706DEE}.Release|x86.Build.0 = Release|iPhone
		{86A19F79-5D78-4676-A4A9-434C75706DEE}.Release|x86.Deploy.0 = Release|iPhone
		{E2B1051E-FD8F-48F1-B590-FFB4FA8C8EDA}.Ad-Hoc|Any CPU.ActiveCfg = Debug|Any CPU
		{E2B1051E-FD8F-48F1-B590-FFB4FA8C8EDA}.Ad-Hoc|Any CPU.Build.0 = Debug|Any CPU
		{E2B1051E-FD8F-48F1-B590-FFB4FA8C8EDA}.Ad-Hoc|ARM.ActiveCfg = Debug|Any CPU
		{E2B1051E-FD8F-48F1-B590-FFB4FA8C8EDA}.Ad-Hoc|ARM.Build.0 = Debug|Any CPU
		{E2B1051E-FD8F-48F1-B590-FFB4FA8C8EDA}.Ad-Hoc|iPhone.ActiveCfg = Debug|Any CPU
		{E2B1051E-FD8F-48F1-B590-FFB4FA8C8EDA}.Ad-Hoc|iPhone.Build.0 = Debug|Any CPU
		{E2B1051E-FD8F-48F1-B590-FFB4FA8C8EDA}.Ad-Hoc|iPhoneSimulator.ActiveCfg = Debug|Any CPU
		{E2B1051E-FD8F-48F1-B590-FFB4FA8C8EDA}.Ad-Hoc|iPhoneSimulator.Build.0 = Debug|Any CPU
		{E2B1051E-FD8F-48F1-B590-FFB4FA8C8EDA}.Ad-Hoc|x64.ActiveCfg = Debug|Any CPU
		{E2B1051E-FD8F-48F1-B590-FFB4FA8C8EDA}.Ad-Hoc|x64.Build.0 = Debug|Any CPU
		{E2B1051E-FD8F-48F1-B590-FFB4FA8C8EDA}.Ad-Hoc|x86.ActiveCfg = Debug|Any CPU
		{E2B1051E-FD8F-48F1-B590-FFB4FA8C8EDA}.Ad-Hoc|x86.Build.0 = Debug|Any CPU
		{E2B1051E-FD8F-48F1-B590-FFB4FA8C8EDA}.AppStore|Any CPU.ActiveCfg = Debug|Any CPU
		{E2B1051E-FD8F-48F1-B590-FFB4FA8C8EDA}.AppStore|Any CPU.Build.0 = Debug|Any CPU
		{E2B1051E-FD8F-48F1-B590-FFB4FA8C8EDA}.AppStore|ARM.ActiveCfg = Debug|Any CPU
		{E2B1051E-FD8F-48F1-B590-FFB4FA8C8EDA}.AppStore|ARM.Build.0 = Debug|Any CPU
		{E2B1051E-FD8F-48F1-B590-FFB4FA8C8EDA}.AppStore|iPhone.ActiveCfg = Debug|Any CPU
		{E2B1051E-FD8F-48F1-B590-FFB4FA8C8EDA}.AppStore|iPhone.Build.0 = Debug|Any CPU
		{E2B1051E-FD8F-48F1-B590-FFB4FA8C8EDA}.AppStore|iPhoneSimulator.ActiveCfg = Debug|Any CPU
		{E2B1051E-FD8F-48F1-B590-FFB4FA8C8EDA}.AppStore|iPhoneSimulator.Build.0 = Debug|Any CPU
		{E2B1051E-FD8F-48F1-B590-FFB4FA8C8EDA}.AppStore|x64.ActiveCfg = Debug|Any CPU
		{E2B1051E-FD8F-48F1-B590-FFB4FA8C8EDA}.AppStore|x64.Build.0 = Debug|Any CPU
		{E2B1051E-FD8F-48F1-B590-FFB4FA8C8EDA}.AppStore|x86.ActiveCfg = Debug|Any CPU
		{E2B1051E-FD8F-48F1-B590-FFB4FA8C8EDA}.AppStore|x86.Build.0 = Debug|Any CPU
		{E2B1051E-FD8F-48F1-B590-FFB4FA8C8EDA}.Debug|Any CPU.ActiveCfg = Debug|Any CPU
		{E2B1051E-FD8F-48F1-B590-FFB4FA8C8EDA}.Debug|Any CPU.Build.0 = Debug|Any CPU
		{E2B1051E-FD8F-48F1-B590-FFB4FA8C8EDA}.Debug|ARM.ActiveCfg = Debug|Any CPU
		{E2B1051E-FD8F-48F1-B590-FFB4FA8C8EDA}.Debug|ARM.Build.0 = Debug|Any CPU
		{E2B1051E-FD8F-48F1-B590-FFB4FA8C8EDA}.Debug|iPhone.ActiveCfg = Debug|Any CPU
		{E2B1051E-FD8F-48F1-B590-FFB4FA8C8EDA}.Debug|iPhone.Build.0 = Debug|Any CPU
		{E2B1051E-FD8F-48F1-B590-FFB4FA8C8EDA}.Debug|iPhoneSimulator.ActiveCfg = Debug|Any CPU
		{E2B1051E-FD8F-48F1-B590-FFB4FA8C8EDA}.Debug|iPhoneSimulator.Build.0 = Debug|Any CPU
		{E2B1051E-FD8F-48F1-B590-FFB4FA8C8EDA}.Debug|x64.ActiveCfg = Debug|Any CPU
		{E2B1051E-FD8F-48F1-B590-FFB4FA8C8EDA}.Debug|x64.Build.0 = Debug|Any CPU
		{E2B1051E-FD8F-48F1-B590-FFB4FA8C8EDA}.Debug|x86.ActiveCfg = Debug|Any CPU
		{E2B1051E-FD8F-48F1-B590-FFB4FA8C8EDA}.Debug|x86.Build.0 = Debug|Any CPU
		{E2B1051E-FD8F-48F1-B590-FFB4FA8C8EDA}.Release|Any CPU.ActiveCfg = Release|Any CPU
		{E2B1051E-FD8F-48F1-B590-FFB4FA8C8EDA}.Release|Any CPU.Build.0 = Release|Any CPU
		{E2B1051E-FD8F-48F1-B590-FFB4FA8C8EDA}.Release|ARM.ActiveCfg = Release|Any CPU
		{E2B1051E-FD8F-48F1-B590-FFB4FA8C8EDA}.Release|ARM.Build.0 = Release|Any CPU
		{E2B1051E-FD8F-48F1-B590-FFB4FA8C8EDA}.Release|iPhone.ActiveCfg = Release|Any CPU
		{E2B1051E-FD8F-48F1-B590-FFB4FA8C8EDA}.Release|iPhone.Build.0 = Release|Any CPU
		{E2B1051E-FD8F-48F1-B590-FFB4FA8C8EDA}.Release|iPhoneSimulator.ActiveCfg = Release|Any CPU
		{E2B1051E-FD8F-48F1-B590-FFB4FA8C8EDA}.Release|iPhoneSimulator.Build.0 = Release|Any CPU
		{E2B1051E-FD8F-48F1-B590-FFB4FA8C8EDA}.Release|x64.ActiveCfg = Release|Any CPU
		{E2B1051E-FD8F-48F1-B590-FFB4FA8C8EDA}.Release|x64.Build.0 = Release|Any CPU
		{E2B1051E-FD8F-48F1-B590-FFB4FA8C8EDA}.Release|x86.ActiveCfg = Release|Any CPU
		{E2B1051E-FD8F-48F1-B590-FFB4FA8C8EDA}.Release|x86.Build.0 = Release|Any CPU
		{82CADF26-600F-4614-89E6-BA6BA6061DD7}.Ad-Hoc|Any CPU.ActiveCfg = Release|x64
		{82CADF26-600F-4614-89E6-BA6BA6061DD7}.Ad-Hoc|Any CPU.Build.0 = Release|x64
		{82CADF26-600F-4614-89E6-BA6BA6061DD7}.Ad-Hoc|Any CPU.Deploy.0 = Release|x64
		{82CADF26-600F-4614-89E6-BA6BA6061DD7}.Ad-Hoc|ARM.ActiveCfg = Release|ARM
		{82CADF26-600F-4614-89E6-BA6BA6061DD7}.Ad-Hoc|ARM.Build.0 = Release|ARM
		{82CADF26-600F-4614-89E6-BA6BA6061DD7}.Ad-Hoc|ARM.Deploy.0 = Release|ARM
		{82CADF26-600F-4614-89E6-BA6BA6061DD7}.Ad-Hoc|iPhone.ActiveCfg = Release|x64
		{82CADF26-600F-4614-89E6-BA6BA6061DD7}.Ad-Hoc|iPhone.Build.0 = Release|x64
		{82CADF26-600F-4614-89E6-BA6BA6061DD7}.Ad-Hoc|iPhone.Deploy.0 = Release|x64
		{82CADF26-600F-4614-89E6-BA6BA6061DD7}.Ad-Hoc|iPhoneSimulator.ActiveCfg = Release|x64
		{82CADF26-600F-4614-89E6-BA6BA6061DD7}.Ad-Hoc|iPhoneSimulator.Build.0 = Release|x64
		{82CADF26-600F-4614-89E6-BA6BA6061DD7}.Ad-Hoc|iPhoneSimulator.Deploy.0 = Release|x64
		{82CADF26-600F-4614-89E6-BA6BA6061DD7}.Ad-Hoc|x64.ActiveCfg = Release|x64
		{82CADF26-600F-4614-89E6-BA6BA6061DD7}.Ad-Hoc|x64.Build.0 = Release|x64
		{82CADF26-600F-4614-89E6-BA6BA6061DD7}.Ad-Hoc|x64.Deploy.0 = Release|x64
		{82CADF26-600F-4614-89E6-BA6BA6061DD7}.Ad-Hoc|x86.ActiveCfg = Release|x86
		{82CADF26-600F-4614-89E6-BA6BA6061DD7}.Ad-Hoc|x86.Build.0 = Release|x86
		{82CADF26-600F-4614-89E6-BA6BA6061DD7}.Ad-Hoc|x86.Deploy.0 = Release|x86
		{82CADF26-600F-4614-89E6-BA6BA6061DD7}.AppStore|Any CPU.ActiveCfg = Release|x64
		{82CADF26-600F-4614-89E6-BA6BA6061DD7}.AppStore|Any CPU.Build.0 = Release|x64
		{82CADF26-600F-4614-89E6-BA6BA6061DD7}.AppStore|Any CPU.Deploy.0 = Release|x64
		{82CADF26-600F-4614-89E6-BA6BA6061DD7}.AppStore|ARM.ActiveCfg = Release|ARM
		{82CADF26-600F-4614-89E6-BA6BA6061DD7}.AppStore|ARM.Build.0 = Release|ARM
		{82CADF26-600F-4614-89E6-BA6BA6061DD7}.AppStore|ARM.Deploy.0 = Release|ARM
		{82CADF26-600F-4614-89E6-BA6BA6061DD7}.AppStore|iPhone.ActiveCfg = Release|x64
		{82CADF26-600F-4614-89E6-BA6BA6061DD7}.AppStore|iPhone.Build.0 = Release|x64
		{82CADF26-600F-4614-89E6-BA6BA6061DD7}.AppStore|iPhone.Deploy.0 = Release|x64
		{82CADF26-600F-4614-89E6-BA6BA6061DD7}.AppStore|iPhoneSimulator.ActiveCfg = Release|x64
		{82CADF26-600F-4614-89E6-BA6BA6061DD7}.AppStore|iPhoneSimulator.Build.0 = Release|x64
		{82CADF26-600F-4614-89E6-BA6BA6061DD7}.AppStore|iPhoneSimulator.Deploy.0 = Release|x64
		{82CADF26-600F-4614-89E6-BA6BA6061DD7}.AppStore|x64.ActiveCfg = Release|x64
		{82CADF26-600F-4614-89E6-BA6BA6061DD7}.AppStore|x64.Build.0 = Release|x64
		{82CADF26-600F-4614-89E6-BA6BA6061DD7}.AppStore|x64.Deploy.0 = Release|x64
		{82CADF26-600F-4614-89E6-BA6BA6061DD7}.AppStore|x86.ActiveCfg = Release|x86
		{82CADF26-600F-4614-89E6-BA6BA6061DD7}.AppStore|x86.Build.0 = Release|x86
		{82CADF26-600F-4614-89E6-BA6BA6061DD7}.AppStore|x86.Deploy.0 = Release|x86
		{82CADF26-600F-4614-89E6-BA6BA6061DD7}.Debug|Any CPU.ActiveCfg = Debug|x86
		{82CADF26-600F-4614-89E6-BA6BA6061DD7}.Debug|Any CPU.Build.0 = Debug|x86
		{82CADF26-600F-4614-89E6-BA6BA6061DD7}.Debug|Any CPU.Deploy.0 = Debug|x86
		{82CADF26-600F-4614-89E6-BA6BA6061DD7}.Debug|ARM.ActiveCfg = Debug|ARM
		{82CADF26-600F-4614-89E6-BA6BA6061DD7}.Debug|ARM.Build.0 = Debug|ARM
		{82CADF26-600F-4614-89E6-BA6BA6061DD7}.Debug|ARM.Deploy.0 = Debug|ARM
		{82CADF26-600F-4614-89E6-BA6BA6061DD7}.Debug|iPhone.ActiveCfg = Debug|x86
		{82CADF26-600F-4614-89E6-BA6BA6061DD7}.Debug|iPhoneSimulator.ActiveCfg = Debug|x86
		{82CADF26-600F-4614-89E6-BA6BA6061DD7}.Debug|x64.ActiveCfg = Debug|x64
		{82CADF26-600F-4614-89E6-BA6BA6061DD7}.Debug|x64.Build.0 = Debug|x64
		{82CADF26-600F-4614-89E6-BA6BA6061DD7}.Debug|x64.Deploy.0 = Debug|x64
		{82CADF26-600F-4614-89E6-BA6BA6061DD7}.Debug|x86.ActiveCfg = Debug|x86
		{82CADF26-600F-4614-89E6-BA6BA6061DD7}.Debug|x86.Build.0 = Debug|x86
		{82CADF26-600F-4614-89E6-BA6BA6061DD7}.Debug|x86.Deploy.0 = Debug|x86
		{82CADF26-600F-4614-89E6-BA6BA6061DD7}.Release|Any CPU.ActiveCfg = Release|x86
		{82CADF26-600F-4614-89E6-BA6BA6061DD7}.Release|ARM.ActiveCfg = Release|ARM
		{82CADF26-600F-4614-89E6-BA6BA6061DD7}.Release|ARM.Build.0 = Release|ARM
		{82CADF26-600F-4614-89E6-BA6BA6061DD7}.Release|ARM.Deploy.0 = Release|ARM
		{82CADF26-600F-4614-89E6-BA6BA6061DD7}.Release|iPhone.ActiveCfg = Release|x86
		{82CADF26-600F-4614-89E6-BA6BA6061DD7}.Release|iPhoneSimulator.ActiveCfg = Release|x86
		{82CADF26-600F-4614-89E6-BA6BA6061DD7}.Release|x64.ActiveCfg = Release|x64
		{82CADF26-600F-4614-89E6-BA6BA6061DD7}.Release|x64.Build.0 = Release|x64
		{82CADF26-600F-4614-89E6-BA6BA6061DD7}.Release|x64.Deploy.0 = Release|x64
		{82CADF26-600F-4614-89E6-BA6BA6061DD7}.Release|x86.ActiveCfg = Release|x86
		{82CADF26-600F-4614-89E6-BA6BA6061DD7}.Release|x86.Build.0 = Release|x86
		{82CADF26-600F-4614-89E6-BA6BA6061DD7}.Release|x86.Deploy.0 = Release|x86
		{283BEDE0-269B-4441-A7AB-DBC2C93AAA99}.Ad-Hoc|Any CPU.ActiveCfg = Release|Any CPU
		{283BEDE0-269B-4441-A7AB-DBC2C93AAA99}.Ad-Hoc|Any CPU.Build.0 = Release|Any CPU
		{283BEDE0-269B-4441-A7AB-DBC2C93AAA99}.Ad-Hoc|ARM.ActiveCfg = Release|Any CPU
		{283BEDE0-269B-4441-A7AB-DBC2C93AAA99}.Ad-Hoc|ARM.Build.0 = Release|Any CPU
		{283BEDE0-269B-4441-A7AB-DBC2C93AAA99}.Ad-Hoc|iPhone.ActiveCfg = Release|Any CPU
		{283BEDE0-269B-4441-A7AB-DBC2C93AAA99}.Ad-Hoc|iPhone.Build.0 = Release|Any CPU
		{283BEDE0-269B-4441-A7AB-DBC2C93AAA99}.Ad-Hoc|iPhoneSimulator.ActiveCfg = Release|Any CPU
		{283BEDE0-269B-4441-A7AB-DBC2C93AAA99}.Ad-Hoc|iPhoneSimulator.Build.0 = Release|Any CPU
		{283BEDE0-269B-4441-A7AB-DBC2C93AAA99}.Ad-Hoc|x64.ActiveCfg = Release|Any CPU
		{283BEDE0-269B-4441-A7AB-DBC2C93AAA99}.Ad-Hoc|x64.Build.0 = Release|Any CPU
		{283BEDE0-269B-4441-A7AB-DBC2C93AAA99}.Ad-Hoc|x86.ActiveCfg = Release|Any CPU
		{283BEDE0-269B-4441-A7AB-DBC2C93AAA99}.Ad-Hoc|x86.Build.0 = Release|Any CPU
		{283BEDE0-269B-4441-A7AB-DBC2C93AAA99}.AppStore|Any CPU.ActiveCfg = Release|Any CPU
		{283BEDE0-269B-4441-A7AB-DBC2C93AAA99}.AppStore|Any CPU.Build.0 = Release|Any CPU
		{283BEDE0-269B-4441-A7AB-DBC2C93AAA99}.AppStore|ARM.ActiveCfg = Release|Any CPU
		{283BEDE0-269B-4441-A7AB-DBC2C93AAA99}.AppStore|ARM.Build.0 = Release|Any CPU
		{283BEDE0-269B-4441-A7AB-DBC2C93AAA99}.AppStore|iPhone.ActiveCfg = Release|Any CPU
		{283BEDE0-269B-4441-A7AB-DBC2C93AAA99}.AppStore|iPhone.Build.0 = Release|Any CPU
		{283BEDE0-269B-4441-A7AB-DBC2C93AAA99}.AppStore|iPhoneSimulator.ActiveCfg = Release|Any CPU
		{283BEDE0-269B-4441-A7AB-DBC2C93AAA99}.AppStore|iPhoneSimulator.Build.0 = Release|Any CPU
		{283BEDE0-269B-4441-A7AB-DBC2C93AAA99}.AppStore|x64.ActiveCfg = Release|Any CPU
		{283BEDE0-269B-4441-A7AB-DBC2C93AAA99}.AppStore|x64.Build.0 = Release|Any CPU
		{283BEDE0-269B-4441-A7AB-DBC2C93AAA99}.AppStore|x86.ActiveCfg = Release|Any CPU
		{283BEDE0-269B-4441-A7AB-DBC2C93AAA99}.AppStore|x86.Build.0 = Release|Any CPU
		{283BEDE0-269B-4441-A7AB-DBC2C93AAA99}.Debug|Any CPU.ActiveCfg = Debug|Any CPU
		{283BEDE0-269B-4441-A7AB-DBC2C93AAA99}.Debug|Any CPU.Build.0 = Debug|Any CPU
		{283BEDE0-269B-4441-A7AB-DBC2C93AAA99}.Debug|ARM.ActiveCfg = Debug|Any CPU
		{283BEDE0-269B-4441-A7AB-DBC2C93AAA99}.Debug|ARM.Build.0 = Debug|Any CPU
		{283BEDE0-269B-4441-A7AB-DBC2C93AAA99}.Debug|iPhone.ActiveCfg = Debug|Any CPU
		{283BEDE0-269B-4441-A7AB-DBC2C93AAA99}.Debug|iPhone.Build.0 = Debug|Any CPU
		{283BEDE0-269B-4441-A7AB-DBC2C93AAA99}.Debug|iPhoneSimulator.ActiveCfg = Debug|Any CPU
		{283BEDE0-269B-4441-A7AB-DBC2C93AAA99}.Debug|iPhoneSimulator.Build.0 = Debug|Any CPU
		{283BEDE0-269B-4441-A7AB-DBC2C93AAA99}.Debug|x64.ActiveCfg = Debug|Any CPU
		{283BEDE0-269B-4441-A7AB-DBC2C93AAA99}.Debug|x64.Build.0 = Debug|Any CPU
		{283BEDE0-269B-4441-A7AB-DBC2C93AAA99}.Debug|x86.ActiveCfg = Debug|Any CPU
		{283BEDE0-269B-4441-A7AB-DBC2C93AAA99}.Debug|x86.Build.0 = Debug|Any CPU
		{283BEDE0-269B-4441-A7AB-DBC2C93AAA99}.Release|Any CPU.ActiveCfg = Release|Any CPU
		{283BEDE0-269B-4441-A7AB-DBC2C93AAA99}.Release|Any CPU.Build.0 = Release|Any CPU
		{283BEDE0-269B-4441-A7AB-DBC2C93AAA99}.Release|ARM.ActiveCfg = Release|Any CPU
		{283BEDE0-269B-4441-A7AB-DBC2C93AAA99}.Release|ARM.Build.0 = Release|Any CPU
		{283BEDE0-269B-4441-A7AB-DBC2C93AAA99}.Release|iPhone.ActiveCfg = Release|Any CPU
		{283BEDE0-269B-4441-A7AB-DBC2C93AAA99}.Release|iPhone.Build.0 = Release|Any CPU
		{283BEDE0-269B-4441-A7AB-DBC2C93AAA99}.Release|iPhoneSimulator.ActiveCfg = Release|Any CPU
		{283BEDE0-269B-4441-A7AB-DBC2C93AAA99}.Release|iPhoneSimulator.Build.0 = Release|Any CPU
		{283BEDE0-269B-4441-A7AB-DBC2C93AAA99}.Release|x64.ActiveCfg = Release|Any CPU
		{283BEDE0-269B-4441-A7AB-DBC2C93AAA99}.Release|x64.Build.0 = Release|Any CPU
		{283BEDE0-269B-4441-A7AB-DBC2C93AAA99}.Release|x86.ActiveCfg = Release|Any CPU
		{283BEDE0-269B-4441-A7AB-DBC2C93AAA99}.Release|x86.Build.0 = Release|Any CPU
		{6F3FAA1D-BD81-4415-AA28-947BB3EA053A}.Ad-Hoc|Any CPU.ActiveCfg = Release|Any CPU
		{6F3FAA1D-BD81-4415-AA28-947BB3EA053A}.Ad-Hoc|Any CPU.Build.0 = Release|Any CPU
		{6F3FAA1D-BD81-4415-AA28-947BB3EA053A}.Ad-Hoc|ARM.ActiveCfg = Release|Any CPU
		{6F3FAA1D-BD81-4415-AA28-947BB3EA053A}.Ad-Hoc|ARM.Build.0 = Release|Any CPU
		{6F3FAA1D-BD81-4415-AA28-947BB3EA053A}.Ad-Hoc|iPhone.ActiveCfg = Release|Any CPU
		{6F3FAA1D-BD81-4415-AA28-947BB3EA053A}.Ad-Hoc|iPhone.Build.0 = Release|Any CPU
		{6F3FAA1D-BD81-4415-AA28-947BB3EA053A}.Ad-Hoc|iPhoneSimulator.ActiveCfg = Release|Any CPU
		{6F3FAA1D-BD81-4415-AA28-947BB3EA053A}.Ad-Hoc|iPhoneSimulator.Build.0 = Release|Any CPU
		{6F3FAA1D-BD81-4415-AA28-947BB3EA053A}.Ad-Hoc|x64.ActiveCfg = Release|Any CPU
		{6F3FAA1D-BD81-4415-AA28-947BB3EA053A}.Ad-Hoc|x64.Build.0 = Release|Any CPU
		{6F3FAA1D-BD81-4415-AA28-947BB3EA053A}.Ad-Hoc|x86.ActiveCfg = Release|Any CPU
		{6F3FAA1D-BD81-4415-AA28-947BB3EA053A}.Ad-Hoc|x86.Build.0 = Release|Any CPU
		{6F3FAA1D-BD81-4415-AA28-947BB3EA053A}.AppStore|Any CPU.ActiveCfg = Release|Any CPU
		{6F3FAA1D-BD81-4415-AA28-947BB3EA053A}.AppStore|Any CPU.Build.0 = Release|Any CPU
		{6F3FAA1D-BD81-4415-AA28-947BB3EA053A}.AppStore|ARM.ActiveCfg = Release|Any CPU
		{6F3FAA1D-BD81-4415-AA28-947BB3EA053A}.AppStore|ARM.Build.0 = Release|Any CPU
		{6F3FAA1D-BD81-4415-AA28-947BB3EA053A}.AppStore|iPhone.ActiveCfg = Release|Any CPU
		{6F3FAA1D-BD81-4415-AA28-947BB3EA053A}.AppStore|iPhone.Build.0 = Release|Any CPU
		{6F3FAA1D-BD81-4415-AA28-947BB3EA053A}.AppStore|iPhoneSimulator.ActiveCfg = Release|Any CPU
		{6F3FAA1D-BD81-4415-AA28-947BB3EA053A}.AppStore|iPhoneSimulator.Build.0 = Release|Any CPU
		{6F3FAA1D-BD81-4415-AA28-947BB3EA053A}.AppStore|x64.ActiveCfg = Release|Any CPU
		{6F3FAA1D-BD81-4415-AA28-947BB3EA053A}.AppStore|x64.Build.0 = Release|Any CPU
		{6F3FAA1D-BD81-4415-AA28-947BB3EA053A}.AppStore|x86.ActiveCfg = Release|Any CPU
		{6F3FAA1D-BD81-4415-AA28-947BB3EA053A}.AppStore|x86.Build.0 = Release|Any CPU
		{6F3FAA1D-BD81-4415-AA28-947BB3EA053A}.Debug|Any CPU.ActiveCfg = Debug|Any CPU
		{6F3FAA1D-BD81-4415-AA28-947BB3EA053A}.Debug|Any CPU.Build.0 = Debug|Any CPU
		{6F3FAA1D-BD81-4415-AA28-947BB3EA053A}.Debug|ARM.ActiveCfg = Debug|Any CPU
		{6F3FAA1D-BD81-4415-AA28-947BB3EA053A}.Debug|ARM.Build.0 = Debug|Any CPU
		{6F3FAA1D-BD81-4415-AA28-947BB3EA053A}.Debug|iPhone.ActiveCfg = Debug|Any CPU
		{6F3FAA1D-BD81-4415-AA28-947BB3EA053A}.Debug|iPhone.Build.0 = Debug|Any CPU
		{6F3FAA1D-BD81-4415-AA28-947BB3EA053A}.Debug|iPhoneSimulator.ActiveCfg = Debug|Any CPU
		{6F3FAA1D-BD81-4415-AA28-947BB3EA053A}.Debug|iPhoneSimulator.Build.0 = Debug|Any CPU
		{6F3FAA1D-BD81-4415-AA28-947BB3EA053A}.Debug|x64.ActiveCfg = Debug|Any CPU
		{6F3FAA1D-BD81-4415-AA28-947BB3EA053A}.Debug|x64.Build.0 = Debug|Any CPU
		{6F3FAA1D-BD81-4415-AA28-947BB3EA053A}.Debug|x86.ActiveCfg = Debug|Any CPU
		{6F3FAA1D-BD81-4415-AA28-947BB3EA053A}.Debug|x86.Build.0 = Debug|Any CPU
		{6F3FAA1D-BD81-4415-AA28-947BB3EA053A}.Release|Any CPU.ActiveCfg = Release|Any CPU
		{6F3FAA1D-BD81-4415-AA28-947BB3EA053A}.Release|Any CPU.Build.0 = Release|Any CPU
		{6F3FAA1D-BD81-4415-AA28-947BB3EA053A}.Release|ARM.ActiveCfg = Release|Any CPU
		{6F3FAA1D-BD81-4415-AA28-947BB3EA053A}.Release|ARM.Build.0 = Release|Any CPU
		{6F3FAA1D-BD81-4415-AA28-947BB3EA053A}.Release|iPhone.ActiveCfg = Release|Any CPU
		{6F3FAA1D-BD81-4415-AA28-947BB3EA053A}.Release|iPhone.Build.0 = Release|Any CPU
		{6F3FAA1D-BD81-4415-AA28-947BB3EA053A}.Release|iPhoneSimulator.ActiveCfg = Release|Any CPU
		{6F3FAA1D-BD81-4415-AA28-947BB3EA053A}.Release|iPhoneSimulator.Build.0 = Release|Any CPU
		{6F3FAA1D-BD81-4415-AA28-947BB3EA053A}.Release|x64.ActiveCfg = Release|Any CPU
		{6F3FAA1D-BD81-4415-AA28-947BB3EA053A}.Release|x64.Build.0 = Release|Any CPU
		{6F3FAA1D-BD81-4415-AA28-947BB3EA053A}.Release|x86.ActiveCfg = Release|Any CPU
		{6F3FAA1D-BD81-4415-AA28-947BB3EA053A}.Release|x86.Build.0 = Release|Any CPU
		{A054D53A-1D7F-45AB-A89E-B7604FBE7054}.Ad-Hoc|Any CPU.ActiveCfg = Release|Any CPU
		{A054D53A-1D7F-45AB-A89E-B7604FBE7054}.Ad-Hoc|Any CPU.Build.0 = Release|Any CPU
		{A054D53A-1D7F-45AB-A89E-B7604FBE7054}.Ad-Hoc|Any CPU.Deploy.0 = Release|Any CPU
		{A054D53A-1D7F-45AB-A89E-B7604FBE7054}.Ad-Hoc|ARM.ActiveCfg = Release|Any CPU
		{A054D53A-1D7F-45AB-A89E-B7604FBE7054}.Ad-Hoc|ARM.Build.0 = Release|Any CPU
		{A054D53A-1D7F-45AB-A89E-B7604FBE7054}.Ad-Hoc|ARM.Deploy.0 = Release|Any CPU
		{A054D53A-1D7F-45AB-A89E-B7604FBE7054}.Ad-Hoc|iPhone.ActiveCfg = Release|Any CPU
		{A054D53A-1D7F-45AB-A89E-B7604FBE7054}.Ad-Hoc|iPhone.Build.0 = Release|Any CPU
		{A054D53A-1D7F-45AB-A89E-B7604FBE7054}.Ad-Hoc|iPhone.Deploy.0 = Release|Any CPU
		{A054D53A-1D7F-45AB-A89E-B7604FBE7054}.Ad-Hoc|iPhoneSimulator.ActiveCfg = Release|Any CPU
		{A054D53A-1D7F-45AB-A89E-B7604FBE7054}.Ad-Hoc|iPhoneSimulator.Build.0 = Release|Any CPU
		{A054D53A-1D7F-45AB-A89E-B7604FBE7054}.Ad-Hoc|iPhoneSimulator.Deploy.0 = Release|Any CPU
		{A054D53A-1D7F-45AB-A89E-B7604FBE7054}.Ad-Hoc|x64.ActiveCfg = Release|Any CPU
		{A054D53A-1D7F-45AB-A89E-B7604FBE7054}.Ad-Hoc|x64.Build.0 = Release|Any CPU
		{A054D53A-1D7F-45AB-A89E-B7604FBE7054}.Ad-Hoc|x64.Deploy.0 = Release|Any CPU
		{A054D53A-1D7F-45AB-A89E-B7604FBE7054}.Ad-Hoc|x86.ActiveCfg = Release|Any CPU
		{A054D53A-1D7F-45AB-A89E-B7604FBE7054}.Ad-Hoc|x86.Build.0 = Release|Any CPU
		{A054D53A-1D7F-45AB-A89E-B7604FBE7054}.Ad-Hoc|x86.Deploy.0 = Release|Any CPU
		{A054D53A-1D7F-45AB-A89E-B7604FBE7054}.AppStore|Any CPU.ActiveCfg = Release|Any CPU
		{A054D53A-1D7F-45AB-A89E-B7604FBE7054}.AppStore|Any CPU.Build.0 = Release|Any CPU
		{A054D53A-1D7F-45AB-A89E-B7604FBE7054}.AppStore|Any CPU.Deploy.0 = Release|Any CPU
		{A054D53A-1D7F-45AB-A89E-B7604FBE7054}.AppStore|ARM.ActiveCfg = Release|Any CPU
		{A054D53A-1D7F-45AB-A89E-B7604FBE7054}.AppStore|ARM.Build.0 = Release|Any CPU
		{A054D53A-1D7F-45AB-A89E-B7604FBE7054}.AppStore|ARM.Deploy.0 = Release|Any CPU
		{A054D53A-1D7F-45AB-A89E-B7604FBE7054}.AppStore|iPhone.ActiveCfg = Release|Any CPU
		{A054D53A-1D7F-45AB-A89E-B7604FBE7054}.AppStore|iPhone.Build.0 = Release|Any CPU
		{A054D53A-1D7F-45AB-A89E-B7604FBE7054}.AppStore|iPhone.Deploy.0 = Release|Any CPU
		{A054D53A-1D7F-45AB-A89E-B7604FBE7054}.AppStore|iPhoneSimulator.ActiveCfg = Release|Any CPU
		{A054D53A-1D7F-45AB-A89E-B7604FBE7054}.AppStore|iPhoneSimulator.Build.0 = Release|Any CPU
		{A054D53A-1D7F-45AB-A89E-B7604FBE7054}.AppStore|iPhoneSimulator.Deploy.0 = Release|Any CPU
		{A054D53A-1D7F-45AB-A89E-B7604FBE7054}.AppStore|x64.ActiveCfg = Release|Any CPU
		{A054D53A-1D7F-45AB-A89E-B7604FBE7054}.AppStore|x64.Build.0 = Release|Any CPU
		{A054D53A-1D7F-45AB-A89E-B7604FBE7054}.AppStore|x64.Deploy.0 = Release|Any CPU
		{A054D53A-1D7F-45AB-A89E-B7604FBE7054}.AppStore|x86.ActiveCfg = Release|Any CPU
		{A054D53A-1D7F-45AB-A89E-B7604FBE7054}.AppStore|x86.Build.0 = Release|Any CPU
		{A054D53A-1D7F-45AB-A89E-B7604FBE7054}.AppStore|x86.Deploy.0 = Release|Any CPU
		{A054D53A-1D7F-45AB-A89E-B7604FBE7054}.Debug|Any CPU.ActiveCfg = Debug|Any CPU
		{A054D53A-1D7F-45AB-A89E-B7604FBE7054}.Debug|Any CPU.Build.0 = Debug|Any CPU
		{A054D53A-1D7F-45AB-A89E-B7604FBE7054}.Debug|Any CPU.Deploy.0 = Debug|Any CPU
		{A054D53A-1D7F-45AB-A89E-B7604FBE7054}.Debug|ARM.ActiveCfg = Debug|Any CPU
		{A054D53A-1D7F-45AB-A89E-B7604FBE7054}.Debug|ARM.Build.0 = Debug|Any CPU
		{A054D53A-1D7F-45AB-A89E-B7604FBE7054}.Debug|ARM.Deploy.0 = Debug|Any CPU
		{A054D53A-1D7F-45AB-A89E-B7604FBE7054}.Debug|iPhone.ActiveCfg = Debug|Any CPU
		{A054D53A-1D7F-45AB-A89E-B7604FBE7054}.Debug|iPhone.Build.0 = Debug|Any CPU
		{A054D53A-1D7F-45AB-A89E-B7604FBE7054}.Debug|iPhone.Deploy.0 = Debug|Any CPU
		{A054D53A-1D7F-45AB-A89E-B7604FBE7054}.Debug|iPhoneSimulator.ActiveCfg = Debug|Any CPU
		{A054D53A-1D7F-45AB-A89E-B7604FBE7054}.Debug|iPhoneSimulator.Build.0 = Debug|Any CPU
		{A054D53A-1D7F-45AB-A89E-B7604FBE7054}.Debug|iPhoneSimulator.Deploy.0 = Debug|Any CPU
		{A054D53A-1D7F-45AB-A89E-B7604FBE7054}.Debug|x64.ActiveCfg = Debug|Any CPU
		{A054D53A-1D7F-45AB-A89E-B7604FBE7054}.Debug|x64.Build.0 = Debug|Any CPU
		{A054D53A-1D7F-45AB-A89E-B7604FBE7054}.Debug|x64.Deploy.0 = Debug|Any CPU
		{A054D53A-1D7F-45AB-A89E-B7604FBE7054}.Debug|x86.ActiveCfg = Debug|Any CPU
		{A054D53A-1D7F-45AB-A89E-B7604FBE7054}.Debug|x86.Build.0 = Debug|Any CPU
		{A054D53A-1D7F-45AB-A89E-B7604FBE7054}.Debug|x86.Deploy.0 = Debug|Any CPU
		{A054D53A-1D7F-45AB-A89E-B7604FBE7054}.Release|Any CPU.ActiveCfg = Release|Any CPU
		{A054D53A-1D7F-45AB-A89E-B7604FBE7054}.Release|Any CPU.Build.0 = Release|Any CPU
		{A054D53A-1D7F-45AB-A89E-B7604FBE7054}.Release|Any CPU.Deploy.0 = Release|Any CPU
		{A054D53A-1D7F-45AB-A89E-B7604FBE7054}.Release|ARM.ActiveCfg = Release|Any CPU
		{A054D53A-1D7F-45AB-A89E-B7604FBE7054}.Release|ARM.Build.0 = Release|Any CPU
		{A054D53A-1D7F-45AB-A89E-B7604FBE7054}.Release|ARM.Deploy.0 = Release|Any CPU
		{A054D53A-1D7F-45AB-A89E-B7604FBE7054}.Release|iPhone.ActiveCfg = Release|Any CPU
		{A054D53A-1D7F-45AB-A89E-B7604FBE7054}.Release|iPhone.Build.0 = Release|Any CPU
		{A054D53A-1D7F-45AB-A89E-B7604FBE7054}.Release|iPhone.Deploy.0 = Release|Any CPU
		{A054D53A-1D7F-45AB-A89E-B7604FBE7054}.Release|iPhoneSimulator.ActiveCfg = Release|Any CPU
		{A054D53A-1D7F-45AB-A89E-B7604FBE7054}.Release|iPhoneSimulator.Build.0 = Release|Any CPU
		{A054D53A-1D7F-45AB-A89E-B7604FBE7054}.Release|iPhoneSimulator.Deploy.0 = Release|Any CPU
		{A054D53A-1D7F-45AB-A89E-B7604FBE7054}.Release|x64.ActiveCfg = Release|Any CPU
		{A054D53A-1D7F-45AB-A89E-B7604FBE7054}.Release|x64.Build.0 = Release|Any CPU
		{A054D53A-1D7F-45AB-A89E-B7604FBE7054}.Release|x64.Deploy.0 = Release|Any CPU
		{A054D53A-1D7F-45AB-A89E-B7604FBE7054}.Release|x86.ActiveCfg = Release|Any CPU
		{A054D53A-1D7F-45AB-A89E-B7604FBE7054}.Release|x86.Build.0 = Release|Any CPU
		{A054D53A-1D7F-45AB-A89E-B7604FBE7054}.Release|x86.Deploy.0 = Release|Any CPU
		{854CFD33-D62C-428F-BA48-00E5C11E6251}.Ad-Hoc|Any CPU.ActiveCfg = Ad-Hoc|iPhone
		{854CFD33-D62C-428F-BA48-00E5C11E6251}.Ad-Hoc|ARM.ActiveCfg = Ad-Hoc|iPhone
		{854CFD33-D62C-428F-BA48-00E5C11E6251}.Ad-Hoc|iPhone.ActiveCfg = Ad-Hoc|iPhone
		{854CFD33-D62C-428F-BA48-00E5C11E6251}.Ad-Hoc|iPhone.Build.0 = Ad-Hoc|iPhone
		{854CFD33-D62C-428F-BA48-00E5C11E6251}.Ad-Hoc|iPhoneSimulator.ActiveCfg = Ad-Hoc|iPhoneSimulator
		{854CFD33-D62C-428F-BA48-00E5C11E6251}.Ad-Hoc|iPhoneSimulator.Build.0 = Ad-Hoc|iPhoneSimulator
		{854CFD33-D62C-428F-BA48-00E5C11E6251}.Ad-Hoc|x64.ActiveCfg = Ad-Hoc|iPhone
		{854CFD33-D62C-428F-BA48-00E5C11E6251}.Ad-Hoc|x86.ActiveCfg = Ad-Hoc|iPhone
		{854CFD33-D62C-428F-BA48-00E5C11E6251}.AppStore|Any CPU.ActiveCfg = AppStore|iPhone
		{854CFD33-D62C-428F-BA48-00E5C11E6251}.AppStore|ARM.ActiveCfg = AppStore|iPhone
		{854CFD33-D62C-428F-BA48-00E5C11E6251}.AppStore|iPhone.ActiveCfg = AppStore|iPhone
		{854CFD33-D62C-428F-BA48-00E5C11E6251}.AppStore|iPhone.Build.0 = AppStore|iPhone
		{854CFD33-D62C-428F-BA48-00E5C11E6251}.AppStore|iPhoneSimulator.ActiveCfg = AppStore|iPhoneSimulator
		{854CFD33-D62C-428F-BA48-00E5C11E6251}.AppStore|iPhoneSimulator.Build.0 = AppStore|iPhoneSimulator
		{854CFD33-D62C-428F-BA48-00E5C11E6251}.AppStore|x64.ActiveCfg = AppStore|iPhone
		{854CFD33-D62C-428F-BA48-00E5C11E6251}.AppStore|x86.ActiveCfg = AppStore|iPhone
		{854CFD33-D62C-428F-BA48-00E5C11E6251}.Debug|Any CPU.ActiveCfg = Debug|iPhoneSimulator
		{854CFD33-D62C-428F-BA48-00E5C11E6251}.Debug|ARM.ActiveCfg = Debug|iPhone
		{854CFD33-D62C-428F-BA48-00E5C11E6251}.Debug|iPhone.ActiveCfg = Debug|iPhone
		{854CFD33-D62C-428F-BA48-00E5C11E6251}.Debug|iPhone.Build.0 = Debug|iPhone
		{854CFD33-D62C-428F-BA48-00E5C11E6251}.Debug|iPhoneSimulator.ActiveCfg = Debug|iPhoneSimulator
		{854CFD33-D62C-428F-BA48-00E5C11E6251}.Debug|iPhoneSimulator.Build.0 = Debug|iPhoneSimulator
		{854CFD33-D62C-428F-BA48-00E5C11E6251}.Debug|x64.ActiveCfg = Debug|iPhone
		{854CFD33-D62C-428F-BA48-00E5C11E6251}.Debug|x86.ActiveCfg = Debug|iPhone
		{854CFD33-D62C-428F-BA48-00E5C11E6251}.Release|Any CPU.ActiveCfg = Release|iPhone
		{854CFD33-D62C-428F-BA48-00E5C11E6251}.Release|ARM.ActiveCfg = Release|iPhone
		{854CFD33-D62C-428F-BA48-00E5C11E6251}.Release|iPhone.ActiveCfg = Release|iPhone
		{854CFD33-D62C-428F-BA48-00E5C11E6251}.Release|iPhone.Build.0 = Release|iPhone
		{854CFD33-D62C-428F-BA48-00E5C11E6251}.Release|iPhoneSimulator.ActiveCfg = Release|iPhoneSimulator
		{854CFD33-D62C-428F-BA48-00E5C11E6251}.Release|iPhoneSimulator.Build.0 = Release|iPhoneSimulator
		{854CFD33-D62C-428F-BA48-00E5C11E6251}.Release|x64.ActiveCfg = Release|iPhone
		{854CFD33-D62C-428F-BA48-00E5C11E6251}.Release|x86.ActiveCfg = Release|iPhone
		{408FA85F-E984-4A26-BB92-C58E1AF4A053}.Ad-Hoc|Any CPU.ActiveCfg = Release|Any CPU
		{408FA85F-E984-4A26-BB92-C58E1AF4A053}.Ad-Hoc|Any CPU.Build.0 = Release|Any CPU
		{408FA85F-E984-4A26-BB92-C58E1AF4A053}.Ad-Hoc|ARM.ActiveCfg = Release|Any CPU
		{408FA85F-E984-4A26-BB92-C58E1AF4A053}.Ad-Hoc|ARM.Build.0 = Release|Any CPU
		{408FA85F-E984-4A26-BB92-C58E1AF4A053}.Ad-Hoc|iPhone.ActiveCfg = Release|Any CPU
		{408FA85F-E984-4A26-BB92-C58E1AF4A053}.Ad-Hoc|iPhone.Build.0 = Release|Any CPU
		{408FA85F-E984-4A26-BB92-C58E1AF4A053}.Ad-Hoc|iPhoneSimulator.ActiveCfg = Release|Any CPU
		{408FA85F-E984-4A26-BB92-C58E1AF4A053}.Ad-Hoc|iPhoneSimulator.Build.0 = Release|Any CPU
		{408FA85F-E984-4A26-BB92-C58E1AF4A053}.Ad-Hoc|x64.ActiveCfg = Release|Any CPU
		{408FA85F-E984-4A26-BB92-C58E1AF4A053}.Ad-Hoc|x64.Build.0 = Release|Any CPU
		{408FA85F-E984-4A26-BB92-C58E1AF4A053}.Ad-Hoc|x86.ActiveCfg = Release|Any CPU
		{408FA85F-E984-4A26-BB92-C58E1AF4A053}.Ad-Hoc|x86.Build.0 = Release|Any CPU
		{408FA85F-E984-4A26-BB92-C58E1AF4A053}.AppStore|Any CPU.ActiveCfg = Release|Any CPU
		{408FA85F-E984-4A26-BB92-C58E1AF4A053}.AppStore|Any CPU.Build.0 = Release|Any CPU
		{408FA85F-E984-4A26-BB92-C58E1AF4A053}.AppStore|ARM.ActiveCfg = Release|Any CPU
		{408FA85F-E984-4A26-BB92-C58E1AF4A053}.AppStore|ARM.Build.0 = Release|Any CPU
		{408FA85F-E984-4A26-BB92-C58E1AF4A053}.AppStore|iPhone.ActiveCfg = Release|Any CPU
		{408FA85F-E984-4A26-BB92-C58E1AF4A053}.AppStore|iPhone.Build.0 = Release|Any CPU
		{408FA85F-E984-4A26-BB92-C58E1AF4A053}.AppStore|iPhoneSimulator.ActiveCfg = Release|Any CPU
		{408FA85F-E984-4A26-BB92-C58E1AF4A053}.AppStore|iPhoneSimulator.Build.0 = Release|Any CPU
		{408FA85F-E984-4A26-BB92-C58E1AF4A053}.AppStore|x64.ActiveCfg = Release|Any CPU
		{408FA85F-E984-4A26-BB92-C58E1AF4A053}.AppStore|x64.Build.0 = Release|Any CPU
		{408FA85F-E984-4A26-BB92-C58E1AF4A053}.AppStore|x86.ActiveCfg = Release|Any CPU
		{408FA85F-E984-4A26-BB92-C58E1AF4A053}.AppStore|x86.Build.0 = Release|Any CPU
		{408FA85F-E984-4A26-BB92-C58E1AF4A053}.Debug|Any CPU.ActiveCfg = Debug|Any CPU
		{408FA85F-E984-4A26-BB92-C58E1AF4A053}.Debug|Any CPU.Build.0 = Debug|Any CPU
		{408FA85F-E984-4A26-BB92-C58E1AF4A053}.Debug|ARM.ActiveCfg = Debug|Any CPU
		{408FA85F-E984-4A26-BB92-C58E1AF4A053}.Debug|ARM.Build.0 = Debug|Any CPU
		{408FA85F-E984-4A26-BB92-C58E1AF4A053}.Debug|iPhone.ActiveCfg = Debug|Any CPU
		{408FA85F-E984-4A26-BB92-C58E1AF4A053}.Debug|iPhone.Build.0 = Debug|Any CPU
		{408FA85F-E984-4A26-BB92-C58E1AF4A053}.Debug|iPhoneSimulator.ActiveCfg = Debug|Any CPU
		{408FA85F-E984-4A26-BB92-C58E1AF4A053}.Debug|iPhoneSimulator.Build.0 = Debug|Any CPU
		{408FA85F-E984-4A26-BB92-C58E1AF4A053}.Debug|x64.ActiveCfg = Debug|Any CPU
		{408FA85F-E984-4A26-BB92-C58E1AF4A053}.Debug|x64.Build.0 = Debug|Any CPU
		{408FA85F-E984-4A26-BB92-C58E1AF4A053}.Debug|x86.ActiveCfg = Debug|Any CPU
		{408FA85F-E984-4A26-BB92-C58E1AF4A053}.Debug|x86.Build.0 = Debug|Any CPU
		{408FA85F-E984-4A26-BB92-C58E1AF4A053}.Release|Any CPU.ActiveCfg = Release|Any CPU
		{408FA85F-E984-4A26-BB92-C58E1AF4A053}.Release|Any CPU.Build.0 = Release|Any CPU
		{408FA85F-E984-4A26-BB92-C58E1AF4A053}.Release|ARM.ActiveCfg = Release|Any CPU
		{408FA85F-E984-4A26-BB92-C58E1AF4A053}.Release|ARM.Build.0 = Release|Any CPU
		{408FA85F-E984-4A26-BB92-C58E1AF4A053}.Release|iPhone.ActiveCfg = Release|Any CPU
		{408FA85F-E984-4A26-BB92-C58E1AF4A053}.Release|iPhone.Build.0 = Release|Any CPU
		{408FA85F-E984-4A26-BB92-C58E1AF4A053}.Release|iPhoneSimulator.ActiveCfg = Release|Any CPU
		{408FA85F-E984-4A26-BB92-C58E1AF4A053}.Release|iPhoneSimulator.Build.0 = Release|Any CPU
		{408FA85F-E984-4A26-BB92-C58E1AF4A053}.Release|x64.ActiveCfg = Release|Any CPU
		{408FA85F-E984-4A26-BB92-C58E1AF4A053}.Release|x64.Build.0 = Release|Any CPU
		{408FA85F-E984-4A26-BB92-C58E1AF4A053}.Release|x86.ActiveCfg = Release|Any CPU
		{408FA85F-E984-4A26-BB92-C58E1AF4A053}.Release|x86.Build.0 = Release|Any CPU
		{5336224F-8409-49EC-A0AA-2D9E5A45923C}.Ad-Hoc|Any CPU.ActiveCfg = Release|Any CPU
		{5336224F-8409-49EC-A0AA-2D9E5A45923C}.Ad-Hoc|Any CPU.Build.0 = Release|Any CPU
		{5336224F-8409-49EC-A0AA-2D9E5A45923C}.Ad-Hoc|ARM.ActiveCfg = Release|Any CPU
		{5336224F-8409-49EC-A0AA-2D9E5A45923C}.Ad-Hoc|ARM.Build.0 = Release|Any CPU
		{5336224F-8409-49EC-A0AA-2D9E5A45923C}.Ad-Hoc|iPhone.ActiveCfg = Release|Any CPU
		{5336224F-8409-49EC-A0AA-2D9E5A45923C}.Ad-Hoc|iPhone.Build.0 = Release|Any CPU
		{5336224F-8409-49EC-A0AA-2D9E5A45923C}.Ad-Hoc|iPhoneSimulator.ActiveCfg = Release|Any CPU
		{5336224F-8409-49EC-A0AA-2D9E5A45923C}.Ad-Hoc|iPhoneSimulator.Build.0 = Release|Any CPU
		{5336224F-8409-49EC-A0AA-2D9E5A45923C}.Ad-Hoc|x64.ActiveCfg = Release|Any CPU
		{5336224F-8409-49EC-A0AA-2D9E5A45923C}.Ad-Hoc|x64.Build.0 = Release|Any CPU
		{5336224F-8409-49EC-A0AA-2D9E5A45923C}.Ad-Hoc|x86.ActiveCfg = Release|Any CPU
		{5336224F-8409-49EC-A0AA-2D9E5A45923C}.Ad-Hoc|x86.Build.0 = Release|Any CPU
		{5336224F-8409-49EC-A0AA-2D9E5A45923C}.AppStore|Any CPU.ActiveCfg = Release|Any CPU
		{5336224F-8409-49EC-A0AA-2D9E5A45923C}.AppStore|Any CPU.Build.0 = Release|Any CPU
		{5336224F-8409-49EC-A0AA-2D9E5A45923C}.AppStore|ARM.ActiveCfg = Release|Any CPU
		{5336224F-8409-49EC-A0AA-2D9E5A45923C}.AppStore|ARM.Build.0 = Release|Any CPU
		{5336224F-8409-49EC-A0AA-2D9E5A45923C}.AppStore|iPhone.ActiveCfg = Release|Any CPU
		{5336224F-8409-49EC-A0AA-2D9E5A45923C}.AppStore|iPhone.Build.0 = Release|Any CPU
		{5336224F-8409-49EC-A0AA-2D9E5A45923C}.AppStore|iPhoneSimulator.ActiveCfg = Release|Any CPU
		{5336224F-8409-49EC-A0AA-2D9E5A45923C}.AppStore|iPhoneSimulator.Build.0 = Release|Any CPU
		{5336224F-8409-49EC-A0AA-2D9E5A45923C}.AppStore|x64.ActiveCfg = Release|Any CPU
		{5336224F-8409-49EC-A0AA-2D9E5A45923C}.AppStore|x64.Build.0 = Release|Any CPU
		{5336224F-8409-49EC-A0AA-2D9E5A45923C}.AppStore|x86.ActiveCfg = Release|Any CPU
		{5336224F-8409-49EC-A0AA-2D9E5A45923C}.AppStore|x86.Build.0 = Release|Any CPU
		{5336224F-8409-49EC-A0AA-2D9E5A45923C}.Debug|Any CPU.ActiveCfg = Debug|Any CPU
		{5336224F-8409-49EC-A0AA-2D9E5A45923C}.Debug|Any CPU.Build.0 = Debug|Any CPU
		{5336224F-8409-49EC-A0AA-2D9E5A45923C}.Debug|ARM.ActiveCfg = Debug|Any CPU
		{5336224F-8409-49EC-A0AA-2D9E5A45923C}.Debug|ARM.Build.0 = Debug|Any CPU
		{5336224F-8409-49EC-A0AA-2D9E5A45923C}.Debug|iPhone.ActiveCfg = Debug|Any CPU
		{5336224F-8409-49EC-A0AA-2D9E5A45923C}.Debug|iPhone.Build.0 = Debug|Any CPU
		{5336224F-8409-49EC-A0AA-2D9E5A45923C}.Debug|iPhoneSimulator.ActiveCfg = Debug|Any CPU
		{5336224F-8409-49EC-A0AA-2D9E5A45923C}.Debug|iPhoneSimulator.Build.0 = Debug|Any CPU
		{5336224F-8409-49EC-A0AA-2D9E5A45923C}.Debug|x64.ActiveCfg = Debug|Any CPU
		{5336224F-8409-49EC-A0AA-2D9E5A45923C}.Debug|x64.Build.0 = Debug|Any CPU
		{5336224F-8409-49EC-A0AA-2D9E5A45923C}.Debug|x86.ActiveCfg = Debug|Any CPU
		{5336224F-8409-49EC-A0AA-2D9E5A45923C}.Debug|x86.Build.0 = Debug|Any CPU
		{5336224F-8409-49EC-A0AA-2D9E5A45923C}.Release|Any CPU.ActiveCfg = Release|Any CPU
		{5336224F-8409-49EC-A0AA-2D9E5A45923C}.Release|Any CPU.Build.0 = Release|Any CPU
		{5336224F-8409-49EC-A0AA-2D9E5A45923C}.Release|ARM.ActiveCfg = Release|Any CPU
		{5336224F-8409-49EC-A0AA-2D9E5A45923C}.Release|ARM.Build.0 = Release|Any CPU
		{5336224F-8409-49EC-A0AA-2D9E5A45923C}.Release|iPhone.ActiveCfg = Release|Any CPU
		{5336224F-8409-49EC-A0AA-2D9E5A45923C}.Release|iPhone.Build.0 = Release|Any CPU
		{5336224F-8409-49EC-A0AA-2D9E5A45923C}.Release|iPhoneSimulator.ActiveCfg = Release|Any CPU
		{5336224F-8409-49EC-A0AA-2D9E5A45923C}.Release|iPhoneSimulator.Build.0 = Release|Any CPU
		{5336224F-8409-49EC-A0AA-2D9E5A45923C}.Release|x64.ActiveCfg = Release|Any CPU
		{5336224F-8409-49EC-A0AA-2D9E5A45923C}.Release|x64.Build.0 = Release|Any CPU
		{5336224F-8409-49EC-A0AA-2D9E5A45923C}.Release|x86.ActiveCfg = Release|Any CPU
		{5336224F-8409-49EC-A0AA-2D9E5A45923C}.Release|x86.Build.0 = Release|Any CPU
		{BAA3EBFE-21DD-4E6A-8221-A1CF1C2EB145}.Ad-Hoc|Any CPU.ActiveCfg = Release|Any CPU
		{BAA3EBFE-21DD-4E6A-8221-A1CF1C2EB145}.Ad-Hoc|Any CPU.Build.0 = Release|Any CPU
		{BAA3EBFE-21DD-4E6A-8221-A1CF1C2EB145}.Ad-Hoc|ARM.ActiveCfg = Release|Any CPU
		{BAA3EBFE-21DD-4E6A-8221-A1CF1C2EB145}.Ad-Hoc|ARM.Build.0 = Release|Any CPU
		{BAA3EBFE-21DD-4E6A-8221-A1CF1C2EB145}.Ad-Hoc|iPhone.ActiveCfg = Release|Any CPU
		{BAA3EBFE-21DD-4E6A-8221-A1CF1C2EB145}.Ad-Hoc|iPhone.Build.0 = Release|Any CPU
		{BAA3EBFE-21DD-4E6A-8221-A1CF1C2EB145}.Ad-Hoc|iPhoneSimulator.ActiveCfg = Release|Any CPU
		{BAA3EBFE-21DD-4E6A-8221-A1CF1C2EB145}.Ad-Hoc|iPhoneSimulator.Build.0 = Release|Any CPU
		{BAA3EBFE-21DD-4E6A-8221-A1CF1C2EB145}.Ad-Hoc|x64.ActiveCfg = Release|Any CPU
		{BAA3EBFE-21DD-4E6A-8221-A1CF1C2EB145}.Ad-Hoc|x64.Build.0 = Release|Any CPU
		{BAA3EBFE-21DD-4E6A-8221-A1CF1C2EB145}.Ad-Hoc|x86.ActiveCfg = Release|Any CPU
		{BAA3EBFE-21DD-4E6A-8221-A1CF1C2EB145}.Ad-Hoc|x86.Build.0 = Release|Any CPU
		{BAA3EBFE-21DD-4E6A-8221-A1CF1C2EB145}.AppStore|Any CPU.ActiveCfg = Release|Any CPU
		{BAA3EBFE-21DD-4E6A-8221-A1CF1C2EB145}.AppStore|Any CPU.Build.0 = Release|Any CPU
		{BAA3EBFE-21DD-4E6A-8221-A1CF1C2EB145}.AppStore|ARM.ActiveCfg = Release|Any CPU
		{BAA3EBFE-21DD-4E6A-8221-A1CF1C2EB145}.AppStore|ARM.Build.0 = Release|Any CPU
		{BAA3EBFE-21DD-4E6A-8221-A1CF1C2EB145}.AppStore|iPhone.ActiveCfg = Release|Any CPU
		{BAA3EBFE-21DD-4E6A-8221-A1CF1C2EB145}.AppStore|iPhone.Build.0 = Release|Any CPU
		{BAA3EBFE-21DD-4E6A-8221-A1CF1C2EB145}.AppStore|iPhoneSimulator.ActiveCfg = Release|Any CPU
		{BAA3EBFE-21DD-4E6A-8221-A1CF1C2EB145}.AppStore|iPhoneSimulator.Build.0 = Release|Any CPU
		{BAA3EBFE-21DD-4E6A-8221-A1CF1C2EB145}.AppStore|x64.ActiveCfg = Release|Any CPU
		{BAA3EBFE-21DD-4E6A-8221-A1CF1C2EB145}.AppStore|x64.Build.0 = Release|Any CPU
		{BAA3EBFE-21DD-4E6A-8221-A1CF1C2EB145}.AppStore|x86.ActiveCfg = Release|Any CPU
		{BAA3EBFE-21DD-4E6A-8221-A1CF1C2EB145}.AppStore|x86.Build.0 = Release|Any CPU
		{BAA3EBFE-21DD-4E6A-8221-A1CF1C2EB145}.Debug|Any CPU.ActiveCfg = Debug|Any CPU
		{BAA3EBFE-21DD-4E6A-8221-A1CF1C2EB145}.Debug|Any CPU.Build.0 = Debug|Any CPU
		{BAA3EBFE-21DD-4E6A-8221-A1CF1C2EB145}.Debug|ARM.ActiveCfg = Debug|Any CPU
		{BAA3EBFE-21DD-4E6A-8221-A1CF1C2EB145}.Debug|ARM.Build.0 = Debug|Any CPU
		{BAA3EBFE-21DD-4E6A-8221-A1CF1C2EB145}.Debug|iPhone.ActiveCfg = Debug|Any CPU
		{BAA3EBFE-21DD-4E6A-8221-A1CF1C2EB145}.Debug|iPhone.Build.0 = Debug|Any CPU
		{BAA3EBFE-21DD-4E6A-8221-A1CF1C2EB145}.Debug|iPhoneSimulator.ActiveCfg = Debug|Any CPU
		{BAA3EBFE-21DD-4E6A-8221-A1CF1C2EB145}.Debug|iPhoneSimulator.Build.0 = Debug|Any CPU
		{BAA3EBFE-21DD-4E6A-8221-A1CF1C2EB145}.Debug|x64.ActiveCfg = Debug|Any CPU
		{BAA3EBFE-21DD-4E6A-8221-A1CF1C2EB145}.Debug|x64.Build.0 = Debug|Any CPU
		{BAA3EBFE-21DD-4E6A-8221-A1CF1C2EB145}.Debug|x86.ActiveCfg = Debug|Any CPU
		{BAA3EBFE-21DD-4E6A-8221-A1CF1C2EB145}.Debug|x86.Build.0 = Debug|Any CPU
		{BAA3EBFE-21DD-4E6A-8221-A1CF1C2EB145}.Release|Any CPU.ActiveCfg = Release|Any CPU
		{BAA3EBFE-21DD-4E6A-8221-A1CF1C2EB145}.Release|Any CPU.Build.0 = Release|Any CPU
		{BAA3EBFE-21DD-4E6A-8221-A1CF1C2EB145}.Release|ARM.ActiveCfg = Release|Any CPU
		{BAA3EBFE-21DD-4E6A-8221-A1CF1C2EB145}.Release|ARM.Build.0 = Release|Any CPU
		{BAA3EBFE-21DD-4E6A-8221-A1CF1C2EB145}.Release|iPhone.ActiveCfg = Release|Any CPU
		{BAA3EBFE-21DD-4E6A-8221-A1CF1C2EB145}.Release|iPhone.Build.0 = Release|Any CPU
		{BAA3EBFE-21DD-4E6A-8221-A1CF1C2EB145}.Release|iPhoneSimulator.ActiveCfg = Release|Any CPU
		{BAA3EBFE-21DD-4E6A-8221-A1CF1C2EB145}.Release|iPhoneSimulator.Build.0 = Release|Any CPU
		{BAA3EBFE-21DD-4E6A-8221-A1CF1C2EB145}.Release|x64.ActiveCfg = Release|Any CPU
		{BAA3EBFE-21DD-4E6A-8221-A1CF1C2EB145}.Release|x64.Build.0 = Release|Any CPU
		{BAA3EBFE-21DD-4E6A-8221-A1CF1C2EB145}.Release|x86.ActiveCfg = Release|Any CPU
		{BAA3EBFE-21DD-4E6A-8221-A1CF1C2EB145}.Release|x86.Build.0 = Release|Any CPU
		{AB3A9D55-0396-4C28-A545-506B29420EF6}.Ad-Hoc|Any CPU.ActiveCfg = Release|Any CPU
		{AB3A9D55-0396-4C28-A545-506B29420EF6}.Ad-Hoc|Any CPU.Build.0 = Release|Any CPU
		{AB3A9D55-0396-4C28-A545-506B29420EF6}.Ad-Hoc|ARM.ActiveCfg = Release|Any CPU
		{AB3A9D55-0396-4C28-A545-506B29420EF6}.Ad-Hoc|ARM.Build.0 = Release|Any CPU
		{AB3A9D55-0396-4C28-A545-506B29420EF6}.Ad-Hoc|iPhone.ActiveCfg = Release|Any CPU
		{AB3A9D55-0396-4C28-A545-506B29420EF6}.Ad-Hoc|iPhone.Build.0 = Release|Any CPU
		{AB3A9D55-0396-4C28-A545-506B29420EF6}.Ad-Hoc|iPhoneSimulator.ActiveCfg = Release|Any CPU
		{AB3A9D55-0396-4C28-A545-506B29420EF6}.Ad-Hoc|iPhoneSimulator.Build.0 = Release|Any CPU
		{AB3A9D55-0396-4C28-A545-506B29420EF6}.Ad-Hoc|x64.ActiveCfg = Release|Any CPU
		{AB3A9D55-0396-4C28-A545-506B29420EF6}.Ad-Hoc|x64.Build.0 = Release|Any CPU
		{AB3A9D55-0396-4C28-A545-506B29420EF6}.Ad-Hoc|x86.ActiveCfg = Release|Any CPU
		{AB3A9D55-0396-4C28-A545-506B29420EF6}.Ad-Hoc|x86.Build.0 = Release|Any CPU
		{AB3A9D55-0396-4C28-A545-506B29420EF6}.AppStore|Any CPU.ActiveCfg = Release|Any CPU
		{AB3A9D55-0396-4C28-A545-506B29420EF6}.AppStore|Any CPU.Build.0 = Release|Any CPU
		{AB3A9D55-0396-4C28-A545-506B29420EF6}.AppStore|ARM.ActiveCfg = Release|Any CPU
		{AB3A9D55-0396-4C28-A545-506B29420EF6}.AppStore|ARM.Build.0 = Release|Any CPU
		{AB3A9D55-0396-4C28-A545-506B29420EF6}.AppStore|iPhone.ActiveCfg = Release|Any CPU
		{AB3A9D55-0396-4C28-A545-506B29420EF6}.AppStore|iPhone.Build.0 = Release|Any CPU
		{AB3A9D55-0396-4C28-A545-506B29420EF6}.AppStore|iPhoneSimulator.ActiveCfg = Release|Any CPU
		{AB3A9D55-0396-4C28-A545-506B29420EF6}.AppStore|iPhoneSimulator.Build.0 = Release|Any CPU
		{AB3A9D55-0396-4C28-A545-506B29420EF6}.AppStore|x64.ActiveCfg = Release|Any CPU
		{AB3A9D55-0396-4C28-A545-506B29420EF6}.AppStore|x64.Build.0 = Release|Any CPU
		{AB3A9D55-0396-4C28-A545-506B29420EF6}.AppStore|x86.ActiveCfg = Release|Any CPU
		{AB3A9D55-0396-4C28-A545-506B29420EF6}.AppStore|x86.Build.0 = Release|Any CPU
		{AB3A9D55-0396-4C28-A545-506B29420EF6}.Debug|Any CPU.ActiveCfg = Debug|Any CPU
		{AB3A9D55-0396-4C28-A545-506B29420EF6}.Debug|Any CPU.Build.0 = Debug|Any CPU
		{AB3A9D55-0396-4C28-A545-506B29420EF6}.Debug|ARM.ActiveCfg = Debug|Any CPU
		{AB3A9D55-0396-4C28-A545-506B29420EF6}.Debug|ARM.Build.0 = Debug|Any CPU
		{AB3A9D55-0396-4C28-A545-506B29420EF6}.Debug|iPhone.ActiveCfg = Debug|Any CPU
		{AB3A9D55-0396-4C28-A545-506B29420EF6}.Debug|iPhone.Build.0 = Debug|Any CPU
		{AB3A9D55-0396-4C28-A545-506B29420EF6}.Debug|iPhoneSimulator.ActiveCfg = Debug|Any CPU
		{AB3A9D55-0396-4C28-A545-506B29420EF6}.Debug|iPhoneSimulator.Build.0 = Debug|Any CPU
		{AB3A9D55-0396-4C28-A545-506B29420EF6}.Debug|x64.ActiveCfg = Debug|Any CPU
		{AB3A9D55-0396-4C28-A545-506B29420EF6}.Debug|x64.Build.0 = Debug|Any CPU
		{AB3A9D55-0396-4C28-A545-506B29420EF6}.Debug|x86.ActiveCfg = Debug|Any CPU
		{AB3A9D55-0396-4C28-A545-506B29420EF6}.Debug|x86.Build.0 = Debug|Any CPU
		{AB3A9D55-0396-4C28-A545-506B29420EF6}.Release|Any CPU.ActiveCfg = Release|Any CPU
		{AB3A9D55-0396-4C28-A545-506B29420EF6}.Release|Any CPU.Build.0 = Release|Any CPU
		{AB3A9D55-0396-4C28-A545-506B29420EF6}.Release|ARM.ActiveCfg = Release|Any CPU
		{AB3A9D55-0396-4C28-A545-506B29420EF6}.Release|ARM.Build.0 = Release|Any CPU
		{AB3A9D55-0396-4C28-A545-506B29420EF6}.Release|iPhone.ActiveCfg = Release|Any CPU
		{AB3A9D55-0396-4C28-A545-506B29420EF6}.Release|iPhone.Build.0 = Release|Any CPU
		{AB3A9D55-0396-4C28-A545-506B29420EF6}.Release|iPhoneSimulator.ActiveCfg = Release|Any CPU
		{AB3A9D55-0396-4C28-A545-506B29420EF6}.Release|iPhoneSimulator.Build.0 = Release|Any CPU
		{AB3A9D55-0396-4C28-A545-506B29420EF6}.Release|x64.ActiveCfg = Release|Any CPU
		{AB3A9D55-0396-4C28-A545-506B29420EF6}.Release|x64.Build.0 = Release|Any CPU
		{AB3A9D55-0396-4C28-A545-506B29420EF6}.Release|x86.ActiveCfg = Release|Any CPU
		{AB3A9D55-0396-4C28-A545-506B29420EF6}.Release|x86.Build.0 = Release|Any CPU
		{E57B4521-6E25-4AC7-A7E4-A2A0A8A354F7}.Ad-Hoc|Any CPU.ActiveCfg = Release|x64
		{E57B4521-6E25-4AC7-A7E4-A2A0A8A354F7}.Ad-Hoc|Any CPU.Build.0 = Release|x64
		{E57B4521-6E25-4AC7-A7E4-A2A0A8A354F7}.Ad-Hoc|Any CPU.Deploy.0 = Release|x64
		{E57B4521-6E25-4AC7-A7E4-A2A0A8A354F7}.Ad-Hoc|ARM.ActiveCfg = Release|ARM
		{E57B4521-6E25-4AC7-A7E4-A2A0A8A354F7}.Ad-Hoc|ARM.Build.0 = Release|ARM
		{E57B4521-6E25-4AC7-A7E4-A2A0A8A354F7}.Ad-Hoc|ARM.Deploy.0 = Release|ARM
		{E57B4521-6E25-4AC7-A7E4-A2A0A8A354F7}.Ad-Hoc|iPhone.ActiveCfg = Release|x64
		{E57B4521-6E25-4AC7-A7E4-A2A0A8A354F7}.Ad-Hoc|iPhone.Build.0 = Release|x64
		{E57B4521-6E25-4AC7-A7E4-A2A0A8A354F7}.Ad-Hoc|iPhone.Deploy.0 = Release|x64
		{E57B4521-6E25-4AC7-A7E4-A2A0A8A354F7}.Ad-Hoc|iPhoneSimulator.ActiveCfg = Release|x64
		{E57B4521-6E25-4AC7-A7E4-A2A0A8A354F7}.Ad-Hoc|iPhoneSimulator.Build.0 = Release|x64
		{E57B4521-6E25-4AC7-A7E4-A2A0A8A354F7}.Ad-Hoc|iPhoneSimulator.Deploy.0 = Release|x64
		{E57B4521-6E25-4AC7-A7E4-A2A0A8A354F7}.Ad-Hoc|x64.ActiveCfg = Release|x64
		{E57B4521-6E25-4AC7-A7E4-A2A0A8A354F7}.Ad-Hoc|x64.Build.0 = Release|x64
		{E57B4521-6E25-4AC7-A7E4-A2A0A8A354F7}.Ad-Hoc|x64.Deploy.0 = Release|x64
		{E57B4521-6E25-4AC7-A7E4-A2A0A8A354F7}.Ad-Hoc|x86.ActiveCfg = Release|x86
		{E57B4521-6E25-4AC7-A7E4-A2A0A8A354F7}.Ad-Hoc|x86.Build.0 = Release|x86
		{E57B4521-6E25-4AC7-A7E4-A2A0A8A354F7}.Ad-Hoc|x86.Deploy.0 = Release|x86
		{E57B4521-6E25-4AC7-A7E4-A2A0A8A354F7}.AppStore|Any CPU.ActiveCfg = Release|x64
		{E57B4521-6E25-4AC7-A7E4-A2A0A8A354F7}.AppStore|Any CPU.Build.0 = Release|x64
		{E57B4521-6E25-4AC7-A7E4-A2A0A8A354F7}.AppStore|Any CPU.Deploy.0 = Release|x64
		{E57B4521-6E25-4AC7-A7E4-A2A0A8A354F7}.AppStore|ARM.ActiveCfg = Release|ARM
		{E57B4521-6E25-4AC7-A7E4-A2A0A8A354F7}.AppStore|ARM.Build.0 = Release|ARM
		{E57B4521-6E25-4AC7-A7E4-A2A0A8A354F7}.AppStore|ARM.Deploy.0 = Release|ARM
		{E57B4521-6E25-4AC7-A7E4-A2A0A8A354F7}.AppStore|iPhone.ActiveCfg = Release|x64
		{E57B4521-6E25-4AC7-A7E4-A2A0A8A354F7}.AppStore|iPhone.Build.0 = Release|x64
		{E57B4521-6E25-4AC7-A7E4-A2A0A8A354F7}.AppStore|iPhone.Deploy.0 = Release|x64
		{E57B4521-6E25-4AC7-A7E4-A2A0A8A354F7}.AppStore|iPhoneSimulator.ActiveCfg = Release|x64
		{E57B4521-6E25-4AC7-A7E4-A2A0A8A354F7}.AppStore|iPhoneSimulator.Build.0 = Release|x64
		{E57B4521-6E25-4AC7-A7E4-A2A0A8A354F7}.AppStore|iPhoneSimulator.Deploy.0 = Release|x64
		{E57B4521-6E25-4AC7-A7E4-A2A0A8A354F7}.AppStore|x64.ActiveCfg = Release|x64
		{E57B4521-6E25-4AC7-A7E4-A2A0A8A354F7}.AppStore|x64.Build.0 = Release|x64
		{E57B4521-6E25-4AC7-A7E4-A2A0A8A354F7}.AppStore|x64.Deploy.0 = Release|x64
		{E57B4521-6E25-4AC7-A7E4-A2A0A8A354F7}.AppStore|x86.ActiveCfg = Release|x86
		{E57B4521-6E25-4AC7-A7E4-A2A0A8A354F7}.AppStore|x86.Build.0 = Release|x86
		{E57B4521-6E25-4AC7-A7E4-A2A0A8A354F7}.AppStore|x86.Deploy.0 = Release|x86
		{E57B4521-6E25-4AC7-A7E4-A2A0A8A354F7}.Debug|Any CPU.ActiveCfg = Debug|x86
		{E57B4521-6E25-4AC7-A7E4-A2A0A8A354F7}.Debug|ARM.ActiveCfg = Debug|ARM
		{E57B4521-6E25-4AC7-A7E4-A2A0A8A354F7}.Debug|ARM.Build.0 = Debug|ARM
		{E57B4521-6E25-4AC7-A7E4-A2A0A8A354F7}.Debug|ARM.Deploy.0 = Debug|ARM
		{E57B4521-6E25-4AC7-A7E4-A2A0A8A354F7}.Debug|iPhone.ActiveCfg = Debug|x86
		{E57B4521-6E25-4AC7-A7E4-A2A0A8A354F7}.Debug|iPhoneSimulator.ActiveCfg = Debug|x86
		{E57B4521-6E25-4AC7-A7E4-A2A0A8A354F7}.Debug|x64.ActiveCfg = Debug|x64
		{E57B4521-6E25-4AC7-A7E4-A2A0A8A354F7}.Debug|x64.Build.0 = Debug|x64
		{E57B4521-6E25-4AC7-A7E4-A2A0A8A354F7}.Debug|x64.Deploy.0 = Debug|x64
		{E57B4521-6E25-4AC7-A7E4-A2A0A8A354F7}.Debug|x86.ActiveCfg = Debug|x86
		{E57B4521-6E25-4AC7-A7E4-A2A0A8A354F7}.Debug|x86.Build.0 = Debug|x86
		{E57B4521-6E25-4AC7-A7E4-A2A0A8A354F7}.Debug|x86.Deploy.0 = Debug|x86
		{E57B4521-6E25-4AC7-A7E4-A2A0A8A354F7}.Release|Any CPU.ActiveCfg = Release|x86
		{E57B4521-6E25-4AC7-A7E4-A2A0A8A354F7}.Release|ARM.ActiveCfg = Release|ARM
		{E57B4521-6E25-4AC7-A7E4-A2A0A8A354F7}.Release|ARM.Build.0 = Release|ARM
		{E57B4521-6E25-4AC7-A7E4-A2A0A8A354F7}.Release|ARM.Deploy.0 = Release|ARM
		{E57B4521-6E25-4AC7-A7E4-A2A0A8A354F7}.Release|iPhone.ActiveCfg = Release|x86
		{E57B4521-6E25-4AC7-A7E4-A2A0A8A354F7}.Release|iPhoneSimulator.ActiveCfg = Release|x86
		{E57B4521-6E25-4AC7-A7E4-A2A0A8A354F7}.Release|x64.ActiveCfg = Release|x64
		{E57B4521-6E25-4AC7-A7E4-A2A0A8A354F7}.Release|x64.Build.0 = Release|x64
		{E57B4521-6E25-4AC7-A7E4-A2A0A8A354F7}.Release|x64.Deploy.0 = Release|x64
		{E57B4521-6E25-4AC7-A7E4-A2A0A8A354F7}.Release|x86.ActiveCfg = Release|x86
		{E57B4521-6E25-4AC7-A7E4-A2A0A8A354F7}.Release|x86.Build.0 = Release|x86
		{E57B4521-6E25-4AC7-A7E4-A2A0A8A354F7}.Release|x86.Deploy.0 = Release|x86
	EndGlobalSection
	GlobalSection(SolutionProperties) = preSolution
		HideSolutionNode = FALSE
	EndGlobalSection
	GlobalSection(ExtensibilityGlobals) = postSolution
		SolutionGuid = {5FE45A64-37B8-4B0B-94E1-F80ACE3723A7}
	EndGlobalSection
	GlobalSection(TeamFoundationVersionControl) = preSolution
		SccNumberOfProjects = 18
		SccEnterpriseProvider = {4CA58AB2-18FA-4F8D-95D4-32DDF27D184C}
		SccTeamFoundationServer = https://tfs.towerdevs.xyz/tfs/towercollection
		SccLocalPath0 = .
		SccProjectUniqueName1 = CoreDRXEditor\\CoreDRXEditor.Android\\CoreDRXEditor.Android.csproj
		SccProjectName1 = CoreDRXEditor/CoreDRXEditor.Android
		SccLocalPath1 = CoreDRXEditor\\CoreDRXEditor.Android
		SccProjectUniqueName2 = CoreDRXEditor\\CoreDRXEditor.iOS\\CoreDRXEditor.iOS.csproj
		SccProjectName2 = CoreDRXEditor/CoreDRXEditor.iOS
		SccLocalPath2 = CoreDRXEditor\\CoreDRXEditor.iOS
		SccProjectUniqueName3 = CoreDRXEditor\\CoreDRXEditor\\CoreDRXEditor.shproj
		SccProjectName3 = CoreDRXEditor/CoreDRXEditor
		SccLocalPath3 = CoreDRXEditor\\CoreDRXEditor
		SccProjectUniqueName4 = CoreDRXLibrary.Tests\\CoreDRXLibrary.Tests.csproj
		SccProjectName4 = CoreDRXLibrary.Tests
		SccLocalPath4 = CoreDRXLibrary.Tests
		SccProjectUniqueName5 = CoreDRXLibrary\\CoreDRXLibrary.csproj
		SccProjectName5 = CoreDRXLibrary
		SccLocalPath5 = CoreDRXLibrary
		SccProjectUniqueName6 = CoreDynamic.Tests\\CoreDynamic.Tests.csproj
		SccProjectName6 = CoreDynamic.Tests
		SccLocalPath6 = CoreDynamic.Tests
		SccProjectUniqueName7 = CoreDynamic\\CoreDynamic.csproj
		SccProjectName7 = CoreDynamic
		SccLocalPath7 = CoreDynamic
		SccProjectUniqueName8 = CoreEscrowServer.Tests\\CoreEscrowServer.Tests.csproj
		SccProjectName8 = CoreEscrowServer.Tests
		SccLocalPath8 = CoreEscrowServer.Tests
		SccProjectUniqueName9 = CoreEscrowServer\\CoreEscrowServer.csproj
		SccProjectName9 = CoreEscrowServer
		SccLocalPath9 = CoreEscrowServer
		SccProjectUniqueName10 = CoreServer\\CoreServer.csproj
		SccProjectName10 = CoreServer
		SccLocalPath10 = CoreServer
		SccProjectUniqueName11 = LifeInsight.UWP\\LifeInsight.UWP.csproj
		SccProjectName11 = LifeInsight.UWP
		SccLocalPath11 = LifeInsight.UWP
		SccProjectUniqueName12 = LifeInsight\\LifeInsight.Android\\LifeInsight.Android.csproj
		SccProjectName12 = LifeInsight/LifeInsight.Android
		SccLocalPath12 = LifeInsight\\LifeInsight.Android
		SccProjectUniqueName13 = LifeInsight\\LifeInsight.iOS\\LifeInsight.iOS.csproj
		SccProjectName13 = LifeInsight/LifeInsight.iOS
		SccLocalPath13 = LifeInsight\\LifeInsight.iOS
		SccProjectUniqueName14 = LifeInsight\\LifeInsight\\LifeInsight.shproj
		SccProjectName14 = LifeInsight/LifeInsight
		SccLocalPath14 = LifeInsight\\LifeInsight
		SccProjectUniqueName15 = LifeInsight\\LifeInsight\\LifeInsight.projitems
		SccProjectTopLevelParentUniqueName15 = LifeInsight\\LifeInsight\\LifeInsight.shproj
		SccProjectName15 = LifeInsight/LifeInsight
		SccLocalPath15 = LifeInsight\\LifeInsight
		SccProjectUniqueName16 = CoreDRXEditor\\CoreDRXEditor\\CoreDRXEditor.projitems
		SccProjectTopLevelParentUniqueName16 = CoreDRXEditor\\CoreDRXEditor\\CoreDRXEditor.shproj
		SccProjectName16 = CoreDRXEditor/CoreDRXEditor
		SccLocalPath16 = CoreDRXEditor\\CoreDRXEditor
		SccProjectUniqueName17 = CoreDRXEditor.UWP\\CoreDRXEditor.UWP.csproj
		SccProjectName17 = CoreDRXEditor.UWP
		SccLocalPath17 = CoreDRXEditor.UWP
	EndGlobalSection
EndGlobal
